// !$*UTF8*$!
{
	archiveVersion = 1;
	classes = {
	};
	objectVersion = 46;
	objects = {

/* Begin PBXBuildFile section */
		09364CEE9BF51BCE097BEDA7 /* MobileCoreServices.framework in Frameworks */ = {isa = PBXBuildFile; fileRef = C986459F9CA01AFD485254F0 /* MobileCoreServices.framework */; };
		0AA04A66A0AF49D15F35B2D7 /* EventKitUI.framework in Frameworks */ = {isa = PBXBuildFile; fileRef = 3533448CBB234757B99C1653 /* EventKitUI.framework */; };
		1AC6FB21180E996B004C840B /* libcocos2d Mac.a in Frameworks */ = {isa = PBXBuildFile; fileRef = 1AC6FAF9180E9839004C840B /* libcocos2d Mac.a */; };
		1AC6FB30180E99EB004C840B /* libcocos2d iOS.a in Frameworks */ = {isa = PBXBuildFile; fileRef = 1AC6FB07180E9839004C840B /* libcocos2d iOS.a */; };
		1D60589F0D05DD5A006BFB54 /* Foundation.framework in Frameworks */ = {isa = PBXBuildFile; fileRef = 1D30AB110D05D00D00671497 /* Foundation.framework */; };
		1DF5F4E00D08C38300B7A737 /* UIKit.framework in Frameworks */ = {isa = PBXBuildFile; fileRef = 1DF5F4DF0D08C38300B7A737 /* UIKit.framework */; };
		23B548BC8A40299F6CE0BAEE /* MessageUI.framework in Frameworks */ = {isa = PBXBuildFile; fileRef = 52404A0B989423FC948E28CB /* MessageUI.framework */; };
		288765A50DF7441C002DB57D /* CoreGraphics.framework in Frameworks */ = {isa = PBXBuildFile; fileRef = 288765A40DF7441C002DB57D /* CoreGraphics.framework */; };
		294D0D641D0D56D500F7F5D4 /* CoreText.framework in Frameworks */ = {isa = PBXBuildFile; fileRef = 294D0D631D0D56D500F7F5D4 /* CoreText.framework */; };
		32F6480BAE4A3CFE55A76529 /* GoogleMobileAds.framework in Frameworks */ = {isa = PBXBuildFile; fileRef = 65C6416EBF48532A7F0A3DBC /* GoogleMobileAds.framework */; };
		3908890D20D8896100681B92 /* GameKit.framework in Frameworks */ = {isa = PBXBuildFile; fileRef = 3908890C20D8896100681B92 /* GameKit.framework */; };
		3908895520E2EB2600681B92 /* smalldict in Resources */ = {isa = PBXBuildFile; fileRef = 3908895420E2EB2600681B92 /* smalldict */; };
		395242121FB513E400F78065 /* LevelScene.cpp in Sources */ = {isa = PBXBuildFile; fileRef = 395242101FB513E400F78065 /* LevelScene.cpp */; };
		395242131FB513E400F78065 /* LevelScene.cpp in Sources */ = {isa = PBXBuildFile; fileRef = 395242101FB513E400F78065 /* LevelScene.cpp */; };
		3952421E1FB5194300F78065 /* levels in Resources */ = {isa = PBXBuildFile; fileRef = 3952421D1FB5194300F78065 /* levels */; };
		3952421F1FB5194300F78065 /* levels in Resources */ = {isa = PBXBuildFile; fileRef = 3952421D1FB5194300F78065 /* levels */; };
		395242221FB525C500F78065 /* Bubble.cpp in Sources */ = {isa = PBXBuildFile; fileRef = 395242201FB525C500F78065 /* Bubble.cpp */; };
		395242231FB525C500F78065 /* Bubble.cpp in Sources */ = {isa = PBXBuildFile; fileRef = 395242201FB525C500F78065 /* Bubble.cpp */; };
		395242261FB7893800F78065 /* Util.cpp in Sources */ = {isa = PBXBuildFile; fileRef = 395242241FB7893800F78065 /* Util.cpp */; };
		395242271FB7893800F78065 /* Util.cpp in Sources */ = {isa = PBXBuildFile; fileRef = 395242241FB7893800F78065 /* Util.cpp */; };
		3952422C1FB9252700F78065 /* sfx in Resources */ = {isa = PBXBuildFile; fileRef = 3952422B1FB9252700F78065 /* sfx */; };
		3952422D1FB9252700F78065 /* sfx in Resources */ = {isa = PBXBuildFile; fileRef = 3952422B1FB9252700F78065 /* sfx */; };
		395242341FBD071A00F78065 /* GameManager.cpp in Sources */ = {isa = PBXBuildFile; fileRef = 395242321FBD071A00F78065 /* GameManager.cpp */; };
		395242351FBD071A00F78065 /* GameManager.cpp in Sources */ = {isa = PBXBuildFile; fileRef = 395242321FBD071A00F78065 /* GameManager.cpp */; };
		395242371FBD150400F78065 /* dict in Resources */ = {isa = PBXBuildFile; fileRef = 395242361FBD150300F78065 /* dict */; };
		395242381FBD150400F78065 /* dict in Resources */ = {isa = PBXBuildFile; fileRef = 395242361FBD150300F78065 /* dict */; };
		397EF01320C7801200129F2B /* ColorConv.cpp in Sources */ = {isa = PBXBuildFile; fileRef = 397EF01120C7801200129F2B /* ColorConv.cpp */; };
		397EF01420C7801200129F2B /* ColorConv.cpp in Sources */ = {isa = PBXBuildFile; fileRef = 397EF01120C7801200129F2B /* ColorConv.cpp */; };
		397EF01720C78FA600129F2B /* grad_diamond.png in Resources */ = {isa = PBXBuildFile; fileRef = 397EF01620C78FA500129F2B /* grad_diamond.png */; };
		397EF01820C78FA600129F2B /* grad_diamond.png in Resources */ = {isa = PBXBuildFile; fileRef = 397EF01620C78FA500129F2B /* grad_diamond.png */; };
		39961DC920F7AF8E00380E2D /* PluginSdkboxAds.framework in Frameworks */ = {isa = PBXBuildFile; fileRef = 61EF43B5B53F433321F53B48 /* PluginSdkboxAds.framework */; };
		39961DE120FE9CD200380E2D /* CoreTelephony.framework in Frameworks */ = {isa = PBXBuildFile; fileRef = 39961DE020FE9CD200380E2D /* CoreTelephony.framework */; };
		39961DE320FE9CDA00380E2D /* JavaScriptCore.framework in Frameworks */ = {isa = PBXBuildFile; fileRef = 39961DE220FE9CDA00380E2D /* JavaScriptCore.framework */; };
		39961DE520FE9CE200380E2D /* MessageUI.framework in Frameworks */ = {isa = PBXBuildFile; fileRef = 39961DE420FE9CE200380E2D /* MessageUI.framework */; };
		39961DE720FE9CEA00380E2D /* MobileCoreServices.framework in Frameworks */ = {isa = PBXBuildFile; fileRef = 39961DE620FE9CEA00380E2D /* MobileCoreServices.framework */; };
		39961DE920FE9CF500380E2D /* SystemConfiguration.framework in Frameworks */ = {isa = PBXBuildFile; fileRef = 39961DE820FE9CF500380E2D /* SystemConfiguration.framework */; };
		39DECD5C1FEB7ACC00A8080A /* retry-button.png in Resources */ = {isa = PBXBuildFile; fileRef = 39DECD5A1FEB7ACC00A8080A /* retry-button.png */; };
		39DECD5D1FEB7ACC00A8080A /* retry-button.png in Resources */ = {isa = PBXBuildFile; fileRef = 39DECD5A1FEB7ACC00A8080A /* retry-button.png */; };
		39DECD5E1FEB7ACC00A8080A /* retry-pressed.png in Resources */ = {isa = PBXBuildFile; fileRef = 39DECD5B1FEB7ACC00A8080A /* retry-pressed.png */; };
		39DECD5F1FEB7ACC00A8080A /* retry-pressed.png in Resources */ = {isa = PBXBuildFile; fileRef = 39DECD5B1FEB7ACC00A8080A /* retry-pressed.png */; };
		39DECD621FEB7C0500A8080A /* next-button.png in Resources */ = {isa = PBXBuildFile; fileRef = 39DECD601FEB7C0500A8080A /* next-button.png */; };
		39DECD631FEB7C0500A8080A /* next-button.png in Resources */ = {isa = PBXBuildFile; fileRef = 39DECD601FEB7C0500A8080A /* next-button.png */; };
		39DECD641FEB7C0500A8080A /* next-pressed.png in Resources */ = {isa = PBXBuildFile; fileRef = 39DECD611FEB7C0500A8080A /* next-pressed.png */; };
		39DECD651FEB7C0500A8080A /* next-pressed.png in Resources */ = {isa = PBXBuildFile; fileRef = 39DECD611FEB7C0500A8080A /* next-pressed.png */; };
		39DECD681FEB7CAF00A8080A /* menu-button.png in Resources */ = {isa = PBXBuildFile; fileRef = 39DECD661FEB7CAF00A8080A /* menu-button.png */; };
		39DECD691FEB7CAF00A8080A /* menu-button.png in Resources */ = {isa = PBXBuildFile; fileRef = 39DECD661FEB7CAF00A8080A /* menu-button.png */; };
		39DECD6A1FEB7CAF00A8080A /* menu-pressed.png in Resources */ = {isa = PBXBuildFile; fileRef = 39DECD671FEB7CAF00A8080A /* menu-pressed.png */; };
		39DECD6B1FEB7CAF00A8080A /* menu-pressed.png in Resources */ = {isa = PBXBuildFile; fileRef = 39DECD671FEB7CAF00A8080A /* menu-pressed.png */; };
		39DECD6F1FEE1A5000A8080A /* libz.1.2.5.tbd in Frameworks */ = {isa = PBXBuildFile; fileRef = 39DECD6D1FEE1A5000A8080A /* libz.1.2.5.tbd */; };
		39DECD711FEE1A8600A8080A /* MessageUI.framework in Frameworks */ = {isa = PBXBuildFile; fileRef = 39DECD701FEE1A8600A8080A /* MessageUI.framework */; };
		39DECD751FEE2F6400A8080A /* Images.xcassets in Resources */ = {isa = PBXBuildFile; fileRef = 39DECD741FEE2F6400A8080A /* Images.xcassets */; };
		3EACC98F19EE6D4300EB3C5E /* res in Resources */ = {isa = PBXBuildFile; fileRef = 3EACC98E19EE6D4300EB3C5E /* res */; };
		3EACC99019EE6D4300EB3C5E /* res in Resources */ = {isa = PBXBuildFile; fileRef = 3EACC98E19EE6D4300EB3C5E /* res */; };
		45C04909BB69A621E73A7ADB /* WebKit.framework in Frameworks */ = {isa = PBXBuildFile; fileRef = 0B5E4229A8A6DB6CF6ABBB4A /* WebKit.framework */; settings = {ATTRIBUTES = (Weak, ); }; };
		464B46568F23BD03615772B3 /* CoreVideo.framework in Frameworks */ = {isa = PBXBuildFile; fileRef = CC0E4DB0960C416D09D85396 /* CoreVideo.framework */; };
		46880B7B19C43A67006E1F66 /* CloseNormal.png in Resources */ = {isa = PBXBuildFile; fileRef = 46880B7619C43A67006E1F66 /* CloseNormal.png */; };
		46880B7C19C43A67006E1F66 /* CloseNormal.png in Resources */ = {isa = PBXBuildFile; fileRef = 46880B7619C43A67006E1F66 /* CloseNormal.png */; };
		46880B7D19C43A67006E1F66 /* CloseSelected.png in Resources */ = {isa = PBXBuildFile; fileRef = 46880B7719C43A67006E1F66 /* CloseSelected.png */; };
		46880B7E19C43A67006E1F66 /* CloseSelected.png in Resources */ = {isa = PBXBuildFile; fileRef = 46880B7719C43A67006E1F66 /* CloseSelected.png */; };
		46880B8119C43A67006E1F66 /* HelloWorld.png in Resources */ = {isa = PBXBuildFile; fileRef = 46880B7A19C43A67006E1F66 /* HelloWorld.png */; };
		46880B8219C43A67006E1F66 /* HelloWorld.png in Resources */ = {isa = PBXBuildFile; fileRef = 46880B7A19C43A67006E1F66 /* HelloWorld.png */; };
		46880B8819C43A87006E1F66 /* AppDelegate.cpp in Sources */ = {isa = PBXBuildFile; fileRef = 46880B8419C43A87006E1F66 /* AppDelegate.cpp */; };
		46880B8919C43A87006E1F66 /* AppDelegate.cpp in Sources */ = {isa = PBXBuildFile; fileRef = 46880B8419C43A87006E1F66 /* AppDelegate.cpp */; };
		46880B8A19C43A87006E1F66 /* HelloWorldScene.cpp in Sources */ = {isa = PBXBuildFile; fileRef = 46880B8619C43A87006E1F66 /* HelloWorldScene.cpp */; };
		46880B8B19C43A87006E1F66 /* HelloWorldScene.cpp in Sources */ = {isa = PBXBuildFile; fileRef = 46880B8619C43A87006E1F66 /* HelloWorldScene.cpp */; };
		4F08423DB97F53484E1AB357 /* GameController.framework in Frameworks */ = {isa = PBXBuildFile; fileRef = BBF243C3917B6004BFEEEC5C /* GameController.framework */; };
		503AE0F817EB97AB00D1A890 /* Icon.icns in Resources */ = {isa = PBXBuildFile; fileRef = 503AE0F617EB97AB00D1A890 /* Icon.icns */; };
		503AE10017EB989F00D1A890 /* AppController.mm in Sources */ = {isa = PBXBuildFile; fileRef = 503AE0FB17EB989F00D1A890 /* AppController.mm */; };
		503AE10117EB989F00D1A890 /* main.m in Sources */ = {isa = PBXBuildFile; fileRef = 503AE0FC17EB989F00D1A890 /* main.m */; };
		503AE10217EB989F00D1A890 /* RootViewController.mm in Sources */ = {isa = PBXBuildFile; fileRef = 503AE0FF17EB989F00D1A890 /* RootViewController.mm */; };
		503AE10517EB98FF00D1A890 /* main.cpp in Sources */ = {isa = PBXBuildFile; fileRef = 503AE10317EB98FF00D1A890 /* main.cpp */; };
		503AE11B17EB9C5A00D1A890 /* IOKit.framework in Frameworks */ = {isa = PBXBuildFile; fileRef = 503AE11A17EB9C5A00D1A890 /* IOKit.framework */; };
		5087E76317EB910900C73F5D /* Foundation.framework in Frameworks */ = {isa = PBXBuildFile; fileRef = 1D30AB110D05D00D00671497 /* Foundation.framework */; };
		5087E76717EB910900C73F5D /* libz.dylib in Frameworks */ = {isa = PBXBuildFile; fileRef = BF170DB412928DE900B8313A /* libz.dylib */; };
		5087E76817EB910900C73F5D /* QuartzCore.framework in Frameworks */ = {isa = PBXBuildFile; fileRef = BF1C47EA1293683800B63C5D /* QuartzCore.framework */; };
		5087E76917EB910900C73F5D /* OpenAL.framework in Frameworks */ = {isa = PBXBuildFile; fileRef = D44C620B132DFF330009C878 /* OpenAL.framework */; };
		5087E76A17EB910900C73F5D /* AVFoundation.framework in Frameworks */ = {isa = PBXBuildFile; fileRef = D44C620D132DFF430009C878 /* AVFoundation.framework */; };
		5087E76B17EB910900C73F5D /* AudioToolbox.framework in Frameworks */ = {isa = PBXBuildFile; fileRef = D44C620F132DFF4E0009C878 /* AudioToolbox.framework */; };
		5087E77D17EB970100C73F5D /* Default-568h@2x.png in Resources */ = {isa = PBXBuildFile; fileRef = 5087E77217EB970100C73F5D /* Default-568h@2x.png */; };
		5087E77E17EB970100C73F5D /* Default.png in Resources */ = {isa = PBXBuildFile; fileRef = 5087E77317EB970100C73F5D /* Default.png */; };
		5087E77F17EB970100C73F5D /* Default@2x.png in Resources */ = {isa = PBXBuildFile; fileRef = 5087E77417EB970100C73F5D /* Default@2x.png */; };
		5087E78017EB970100C73F5D /* Icon-114.png in Resources */ = {isa = PBXBuildFile; fileRef = 5087E77517EB970100C73F5D /* Icon-114.png */; };
		5087E78117EB970100C73F5D /* Icon-120.png in Resources */ = {isa = PBXBuildFile; fileRef = 5087E77617EB970100C73F5D /* Icon-120.png */; };
		5087E78217EB970100C73F5D /* Icon-144.png in Resources */ = {isa = PBXBuildFile; fileRef = 5087E77717EB970100C73F5D /* Icon-144.png */; };
		5087E78317EB970100C73F5D /* Icon-152.png in Resources */ = {isa = PBXBuildFile; fileRef = 5087E77817EB970100C73F5D /* Icon-152.png */; };
		5087E78417EB970100C73F5D /* Icon-57.png in Resources */ = {isa = PBXBuildFile; fileRef = 5087E77917EB970100C73F5D /* Icon-57.png */; };
		5087E78517EB970100C73F5D /* Icon-72.png in Resources */ = {isa = PBXBuildFile; fileRef = 5087E77A17EB970100C73F5D /* Icon-72.png */; };
		5087E78617EB970100C73F5D /* Icon-76.png in Resources */ = {isa = PBXBuildFile; fileRef = 5087E77B17EB970100C73F5D /* Icon-76.png */; };
		5087E78917EB974C00C73F5D /* AppKit.framework in Frameworks */ = {isa = PBXBuildFile; fileRef = 5087E78817EB974C00C73F5D /* AppKit.framework */; };
		5087E78B17EB975400C73F5D /* OpenGL.framework in Frameworks */ = {isa = PBXBuildFile; fileRef = 5087E78A17EB975400C73F5D /* OpenGL.framework */; };
		50EF629617ECD46A001EB2F8 /* Icon-40.png in Resources */ = {isa = PBXBuildFile; fileRef = 50EF629217ECD46A001EB2F8 /* Icon-40.png */; };
		50EF629717ECD46A001EB2F8 /* Icon-58.png in Resources */ = {isa = PBXBuildFile; fileRef = 50EF629317ECD46A001EB2F8 /* Icon-58.png */; };
		50EF629817ECD46A001EB2F8 /* Icon-80.png in Resources */ = {isa = PBXBuildFile; fileRef = 50EF629417ECD46A001EB2F8 /* Icon-80.png */; };
		50EF629917ECD46A001EB2F8 /* Icon-100.png in Resources */ = {isa = PBXBuildFile; fileRef = 50EF629517ECD46A001EB2F8 /* Icon-100.png */; };
		50EF62A217ECD613001EB2F8 /* Icon-29.png in Resources */ = {isa = PBXBuildFile; fileRef = 50EF62A017ECD613001EB2F8 /* Icon-29.png */; };
		50EF62A317ECD613001EB2F8 /* Icon-50.png in Resources */ = {isa = PBXBuildFile; fileRef = 50EF62A117ECD613001EB2F8 /* Icon-50.png */; };
		521A8E6419F0C34300D177D7 /* Default-667h@2x.png in Resources */ = {isa = PBXBuildFile; fileRef = 521A8E6219F0C34300D177D7 /* Default-667h@2x.png */; };
		521A8E6519F0C34300D177D7 /* Default-736h@3x.png in Resources */ = {isa = PBXBuildFile; fileRef = 521A8E6319F0C34300D177D7 /* Default-736h@3x.png */; };
		521A8EA919F11F5000D177D7 /* fonts in Resources */ = {isa = PBXBuildFile; fileRef = 521A8EA819F11F5000D177D7 /* fonts */; };
		521A8EAA19F11F5000D177D7 /* fonts in Resources */ = {isa = PBXBuildFile; fileRef = 521A8EA819F11F5000D177D7 /* fonts */; };
		52B47A471A53D09C004E4C60 /* Security.framework in Frameworks */ = {isa = PBXBuildFile; fileRef = 52B47A461A53D09B004E4C60 /* Security.framework */; };
		534846F6A9D98B6B3A3236C5 /* SystemConfiguration.framework in Frameworks */ = {isa = PBXBuildFile; fileRef = 5371444095F435894A7675DE /* SystemConfiguration.framework */; settings = {ATTRIBUTES = (Weak, ); }; };
		66C1408E89D347459A7B5653 /* CoreTelephony.framework in Frameworks */ = {isa = PBXBuildFile; fileRef = B5A541DDA1E0AC617E456348 /* CoreTelephony.framework */; };
		6AB94DD8975D6BFDAFA91D77 /* PluginIAP.framework in Frameworks */ = {isa = PBXBuildFile; fileRef = 157E4727869D2EDAABE64BB3 /* PluginIAP.framework */; };
		6F8E434DAE0FE2872B0D63B8 /* libz.1.2.5.dylib in Frameworks */ = {isa = PBXBuildFile; fileRef = 455C4CDEAA6EB5C1F164D99D /* libz.1.2.5.dylib */; };
		6FB84DFFA9A5470DB29B34E5 /* CoreBluetooth.framework in Frameworks */ = {isa = PBXBuildFile; fileRef = 77284C5DB3CA1B5BEC0C1478 /* CoreBluetooth.framework */; };
		6FE645E9B8DE3E2538D9FC9C /* MediaPlayer.framework in Frameworks */ = {isa = PBXBuildFile; fileRef = F8174BE8BA6C8553475CC85F /* MediaPlayer.framework */; };
		703D4C1BB50B873A363763C8 /* StoreKit.framework in Frameworks */ = {isa = PBXBuildFile; fileRef = 7B7547C8B47F357C6F54A56E /* StoreKit.framework */; settings = {ATTRIBUTES = (Weak, ); }; };
		721B479A87A53E595A20B57C /* EventKit.framework in Frameworks */ = {isa = PBXBuildFile; fileRef = E8FB4DB9AAC67F061C711FBE /* EventKit.framework */; };
		7BBB422E9FED2C82023EB74A /* sdkbox_config.json in Resources */ = {isa = PBXBuildFile; fileRef = 10CB494AB9E10668D22023AF /* sdkbox_config.json */; };
		7D134103894CB0AA04BB1682 /* AdSupport.framework in Frameworks */ = {isa = PBXBuildFile; fileRef = 4AC64635AA9C88E83A5948EA /* AdSupport.framework */; };
		8262943E1AAF051F00CB7CF7 /* Security.framework in Frameworks */ = {isa = PBXBuildFile; fileRef = 8262943D1AAF051F00CB7CF7 /* Security.framework */; };
		8465407C86278DA21A641F1F /* SafariServices.framework in Frameworks */ = {isa = PBXBuildFile; fileRef = 5BE147CBB55AF75E198B558E /* SafariServices.framework */; };
		895B4721804C0C131FE3BAA1 /* CoreMedia.framework in Frameworks */ = {isa = PBXBuildFile; fileRef = 54984E58A3DB5A595B0E9F0F /* CoreMedia.framework */; };
		8C9D409D8818FA6D8967A31B /* CFNetwork.framework in Frameworks */ = {isa = PBXBuildFile; fileRef = A56A42EF9898C74D6AA3D01F /* CFNetwork.framework */; };
		90794920BE730F5404D61404 /* PluginSdkboxPlay.framework in Frameworks */ = {isa = PBXBuildFile; fileRef = 41EC4B3AB63D8369F065B795 /* PluginSdkboxPlay.framework */; };
		98BA482BB6AD68C92D623B92 /* AdColony.framework in Frameworks */ = {isa = PBXBuildFile; fileRef = D0654717A0F3446E0AE6637F /* AdColony.framework */; };
		9B2F471DA72C392C8AB523C0 /* libsqlite3.dylib in Frameworks */ = {isa = PBXBuildFile; fileRef = B9694EABB06C2146BECCD300 /* libsqlite3.dylib */; };
		B4E741209478CC0D44616BAD /* GLKit.framework in Frameworks */ = {isa = PBXBuildFile; fileRef = AA7640DDB19CE8DDC7D4C77A /* GLKit.framework */; };
		BEF548D69C56BE2DC0D65400 /* WatchConnectivity.framework in Frameworks */ = {isa = PBXBuildFile; fileRef = 13114160AE0134A3DE1E4D3F /* WatchConnectivity.framework */; settings = {ATTRIBUTES = (Weak, ); }; };
		BF171245129291EC00B8313A /* OpenGLES.framework in Frameworks */ = {isa = PBXBuildFile; fileRef = BF170DB012928DE900B8313A /* OpenGLES.framework */; };
		BF1712471292920000B8313A /* libz.dylib in Frameworks */ = {isa = PBXBuildFile; fileRef = BF170DB412928DE900B8313A /* libz.dylib */; };
		BF1C47F01293687400B63C5D /* QuartzCore.framework in Frameworks */ = {isa = PBXBuildFile; fileRef = BF1C47EA1293683800B63C5D /* QuartzCore.framework */; };
		C53A44A880A706804630C372 /* sdkbox.framework in Frameworks */ = {isa = PBXBuildFile; fileRef = D8D7476EB1AB47C9269BBED4 /* sdkbox.framework */; };
		CA5A48E7AFEA3FF3F86A89E0 /* PluginAdMob.framework in Frameworks */ = {isa = PBXBuildFile; fileRef = AD03402BB50D7D0EC3A513DC /* PluginAdMob.framework */; };
		D44C620C132DFF330009C878 /* OpenAL.framework in Frameworks */ = {isa = PBXBuildFile; fileRef = D44C620B132DFF330009C878 /* OpenAL.framework */; };
		D44C620E132DFF430009C878 /* AVFoundation.framework in Frameworks */ = {isa = PBXBuildFile; fileRef = D44C620D132DFF430009C878 /* AVFoundation.framework */; };
		D44C6210132DFF4E0009C878 /* AudioToolbox.framework in Frameworks */ = {isa = PBXBuildFile; fileRef = D44C620F132DFF4E0009C878 /* AudioToolbox.framework */; };
		D4B0484C857989963DD8DFEE /* PluginAdColony.framework in Frameworks */ = {isa = PBXBuildFile; fileRef = 79F441DC83B63BA3623DAFB7 /* PluginAdColony.framework */; };
		D6B0611B1803AB670077942B /* CoreMotion.framework in Frameworks */ = {isa = PBXBuildFile; fileRef = D6B0611A1803AB670077942B /* CoreMotion.framework */; };
		E4CA49529EA053D0244FDD31 /* PluginSdkboxAds.framework in Frameworks */ = {isa = PBXBuildFile; fileRef = 61EF43B5B53F433321F53B48 /* PluginSdkboxAds.framework */; };
		EC5F4B09870072C12A52C94C /* Social.framework in Frameworks */ = {isa = PBXBuildFile; fileRef = 0BAC47ADB80BDF46B3B0171C /* Social.framework */; settings = {ATTRIBUTES = (Weak, ); }; };
		ED545A7C1B68A1F400C3958E /* libiconv.dylib in Frameworks */ = {isa = PBXBuildFile; fileRef = ED545A7B1B68A1F400C3958E /* libiconv.dylib */; };
		ED545A7E1B68A1FA00C3958E /* libiconv.dylib in Frameworks */ = {isa = PBXBuildFile; fileRef = ED545A7D1B68A1FA00C3958E /* libiconv.dylib */; };
		F6B14188A7B472E8D7717743 /* JavaScriptCore.framework in Frameworks */ = {isa = PBXBuildFile; fileRef = 051844A4B6A122FFA3254BE9 /* JavaScriptCore.framework */; };
/* End PBXBuildFile section */

/* Begin PBXContainerItemProxy section */
		1AC6FAF8180E9839004C840B /* PBXContainerItemProxy */ = {
			isa = PBXContainerItemProxy;
			containerPortal = 1AC6FAE5180E9839004C840B /* cocos2d_libs.xcodeproj */;
			proxyType = 2;
			remoteGlobalIDString = 1551A33F158F2AB200E66CFE;
			remoteInfo = "cocos2dx Mac";
		};
		1AC6FB06180E9839004C840B /* PBXContainerItemProxy */ = {
			isa = PBXContainerItemProxy;
			containerPortal = 1AC6FAE5180E9839004C840B /* cocos2d_libs.xcodeproj */;
			proxyType = 2;
			remoteGlobalIDString = A07A4D641783777C0073F6A7;
			remoteInfo = "cocos2dx iOS";
		};
		1AC6FB15180E9959004C840B /* PBXContainerItemProxy */ = {
			isa = PBXContainerItemProxy;
			containerPortal = 1AC6FAE5180E9839004C840B /* cocos2d_libs.xcodeproj */;
			proxyType = 1;
			remoteGlobalIDString = 1551A33E158F2AB200E66CFE;
			remoteInfo = "cocos2dx Mac";
		};
		1AC6FB24180E99E1004C840B /* PBXContainerItemProxy */ = {
			isa = PBXContainerItemProxy;
			containerPortal = 1AC6FAE5180E9839004C840B /* cocos2d_libs.xcodeproj */;
			proxyType = 1;
			remoteGlobalIDString = A07A4C241783777C0073F6A7;
			remoteInfo = "cocos2dx iOS";
		};
		39327C2C1FB4FFC900F8C480 /* PBXContainerItemProxy */ = {
			isa = PBXContainerItemProxy;
			containerPortal = 1AC6FAE5180E9839004C840B /* cocos2d_libs.xcodeproj */;
			proxyType = 2;
			remoteGlobalIDString = 507B40FD1C31BDD30067B53E;
			remoteInfo = "libcocos2d tvOS";
		};
/* End PBXContainerItemProxy section */

/* Begin PBXFileReference section */
		051844A4B6A122FFA3254BE9 /* JavaScriptCore.framework */ = {isa = PBXFileReference; lastKnownFileType = wrapper.framework; name = JavaScriptCore.framework; path = Platforms/iPhoneOS.platform/Developer/SDKs/iPhoneOS.sdk/System/Library/Frameworks/JavaScriptCore.framework; sourceTree = DEVELOPER_DIR; };
		0B5E4229A8A6DB6CF6ABBB4A /* WebKit.framework */ = {isa = PBXFileReference; lastKnownFileType = wrapper.framework; name = WebKit.framework; path = Platforms/iPhoneOS.platform/Developer/SDKs/iPhoneOS.sdk/System/Library/Frameworks/WebKit.framework; sourceTree = DEVELOPER_DIR; };
		0BAC47ADB80BDF46B3B0171C /* Social.framework */ = {isa = PBXFileReference; lastKnownFileType = wrapper.framework; name = Social.framework; path = Platforms/iPhoneOS.platform/Developer/SDKs/iPhoneOS.sdk/System/Library/Frameworks/Social.framework; sourceTree = DEVELOPER_DIR; };
		10CB494AB9E10668D22023AF /* sdkbox_config.json */ = {isa = PBXFileReference; lastKnownFileType = text.json; name = sdkbox_config.json; path = ../Resources/sdkbox_config.json; sourceTree = SOURCE_ROOT; };
		13114160AE0134A3DE1E4D3F /* WatchConnectivity.framework */ = {isa = PBXFileReference; lastKnownFileType = wrapper.framework; name = WatchConnectivity.framework; path = Platforms/iPhoneOS.platform/Developer/SDKs/iPhoneOS.sdk/System/Library/Frameworks/WatchConnectivity.framework; sourceTree = DEVELOPER_DIR; };
		157E4727869D2EDAABE64BB3 /* PluginIAP.framework */ = {isa = PBXFileReference; lastKnownFileType = wrapper.framework; path = PluginIAP.framework; sourceTree = SOURCE_ROOT; };
		1AC6FAE5180E9839004C840B /* cocos2d_libs.xcodeproj */ = {isa = PBXFileReference; lastKnownFileType = "wrapper.pb-project"; name = cocos2d_libs.xcodeproj; path = ../cocos2d/build/cocos2d_libs.xcodeproj; sourceTree = "<group>"; };
		1ACB3243164770DE00914215 /* libcurl.a */ = {isa = PBXFileReference; lastKnownFileType = archive.ar; name = libcurl.a; path = ../../cocos2dx/platform/third_party/ios/libraries/libcurl.a; sourceTree = "<group>"; };
		1D30AB110D05D00D00671497 /* Foundation.framework */ = {isa = PBXFileReference; lastKnownFileType = wrapper.framework; name = Foundation.framework; path = System/Library/Frameworks/Foundation.framework; sourceTree = SDKROOT; };
		1D6058910D05DD3D006BFB54 /* Word Bubbles.app */ = {isa = PBXFileReference; explicitFileType = wrapper.application; includeInIndex = 0; path = "Word Bubbles.app"; sourceTree = BUILT_PRODUCTS_DIR; };
		1DF5F4DF0D08C38300B7A737 /* UIKit.framework */ = {isa = PBXFileReference; lastKnownFileType = wrapper.framework; name = UIKit.framework; path = System/Library/Frameworks/UIKit.framework; sourceTree = SDKROOT; };
		288765A40DF7441C002DB57D /* CoreGraphics.framework */ = {isa = PBXFileReference; lastKnownFileType = wrapper.framework; name = CoreGraphics.framework; path = System/Library/Frameworks/CoreGraphics.framework; sourceTree = SDKROOT; };
		294D0D631D0D56D500F7F5D4 /* CoreText.framework */ = {isa = PBXFileReference; lastKnownFileType = wrapper.framework; name = CoreText.framework; path = Platforms/iPhoneOS.platform/Developer/SDKs/iPhoneOS.sdk/System/Library/Frameworks/CoreText.framework; sourceTree = DEVELOPER_DIR; };
		3533448CBB234757B99C1653 /* EventKitUI.framework */ = {isa = PBXFileReference; lastKnownFileType = wrapper.framework; name = EventKitUI.framework; path = Platforms/iPhoneOS.platform/Developer/SDKs/iPhoneOS.sdk/System/Library/Frameworks/EventKitUI.framework; sourceTree = DEVELOPER_DIR; };
		3908890B20D8894700681B92 /* BBL-mobile.entitlements */ = {isa = PBXFileReference; lastKnownFileType = text.plist.entitlements; name = "BBL-mobile.entitlements"; path = "BBL-mobile/BBL-mobile.entitlements"; sourceTree = "<group>"; };
		3908890C20D8896100681B92 /* GameKit.framework */ = {isa = PBXFileReference; lastKnownFileType = wrapper.framework; name = GameKit.framework; path = Platforms/iPhoneOS.platform/Developer/SDKs/iPhoneOS11.4.sdk/System/Library/Frameworks/GameKit.framework; sourceTree = DEVELOPER_DIR; };
		3908895420E2EB2600681B92 /* smalldict */ = {isa = PBXFileReference; fileEncoding = 4; lastKnownFileType = text; path = smalldict; sourceTree = "<group>"; };
		395242101FB513E400F78065 /* LevelScene.cpp */ = {isa = PBXFileReference; lastKnownFileType = sourcecode.cpp.cpp; path = LevelScene.cpp; sourceTree = "<group>"; };
		395242111FB513E400F78065 /* LevelScene.hpp */ = {isa = PBXFileReference; lastKnownFileType = sourcecode.cpp.h; path = LevelScene.hpp; sourceTree = "<group>"; };
		3952421D1FB5194300F78065 /* levels */ = {isa = PBXFileReference; lastKnownFileType = folder; path = levels; sourceTree = "<group>"; };
		395242201FB525C500F78065 /* Bubble.cpp */ = {isa = PBXFileReference; lastKnownFileType = sourcecode.cpp.cpp; path = Bubble.cpp; sourceTree = "<group>"; };
		395242211FB525C500F78065 /* Bubble.hpp */ = {isa = PBXFileReference; lastKnownFileType = sourcecode.cpp.h; path = Bubble.hpp; sourceTree = "<group>"; };
		395242241FB7893800F78065 /* Util.cpp */ = {isa = PBXFileReference; lastKnownFileType = sourcecode.cpp.cpp; path = Util.cpp; sourceTree = "<group>"; };
		395242251FB7893800F78065 /* Util.hpp */ = {isa = PBXFileReference; lastKnownFileType = sourcecode.cpp.h; path = Util.hpp; sourceTree = "<group>"; };
		3952422B1FB9252700F78065 /* sfx */ = {isa = PBXFileReference; lastKnownFileType = folder; path = sfx; sourceTree = "<group>"; };
		395242321FBD071A00F78065 /* GameManager.cpp */ = {isa = PBXFileReference; lastKnownFileType = sourcecode.cpp.cpp; path = GameManager.cpp; sourceTree = "<group>"; };
		395242331FBD071A00F78065 /* GameManager.hpp */ = {isa = PBXFileReference; lastKnownFileType = sourcecode.cpp.h; path = GameManager.hpp; sourceTree = "<group>"; };
		395242361FBD150300F78065 /* dict */ = {isa = PBXFileReference; fileEncoding = 4; lastKnownFileType = text; path = dict; sourceTree = "<group>"; };
		397EF01120C7801200129F2B /* ColorConv.cpp */ = {isa = PBXFileReference; lastKnownFileType = sourcecode.cpp.cpp; path = ColorConv.cpp; sourceTree = "<group>"; };
		397EF01220C7801200129F2B /* ColorConv.hpp */ = {isa = PBXFileReference; lastKnownFileType = sourcecode.cpp.h; path = ColorConv.hpp; sourceTree = "<group>"; };
		397EF01620C78FA500129F2B /* grad_diamond.png */ = {isa = PBXFileReference; lastKnownFileType = image.png; path = grad_diamond.png; sourceTree = "<group>"; };
		39961DE020FE9CD200380E2D /* CoreTelephony.framework */ = {isa = PBXFileReference; lastKnownFileType = wrapper.framework; name = CoreTelephony.framework; path = Platforms/iPhoneOS.platform/Developer/SDKs/iPhoneOS11.4.sdk/System/Library/Frameworks/CoreTelephony.framework; sourceTree = DEVELOPER_DIR; };
		39961DE220FE9CDA00380E2D /* JavaScriptCore.framework */ = {isa = PBXFileReference; lastKnownFileType = wrapper.framework; name = JavaScriptCore.framework; path = Platforms/iPhoneOS.platform/Developer/SDKs/iPhoneOS11.4.sdk/System/Library/Frameworks/JavaScriptCore.framework; sourceTree = DEVELOPER_DIR; };
		39961DE420FE9CE200380E2D /* MessageUI.framework */ = {isa = PBXFileReference; lastKnownFileType = wrapper.framework; name = MessageUI.framework; path = Platforms/iPhoneOS.platform/Developer/SDKs/iPhoneOS11.4.sdk/System/Library/Frameworks/MessageUI.framework; sourceTree = DEVELOPER_DIR; };
		39961DE620FE9CEA00380E2D /* MobileCoreServices.framework */ = {isa = PBXFileReference; lastKnownFileType = wrapper.framework; name = MobileCoreServices.framework; path = Platforms/iPhoneOS.platform/Developer/SDKs/iPhoneOS11.4.sdk/System/Library/Frameworks/MobileCoreServices.framework; sourceTree = DEVELOPER_DIR; };
		39961DE820FE9CF500380E2D /* SystemConfiguration.framework */ = {isa = PBXFileReference; lastKnownFileType = wrapper.framework; name = SystemConfiguration.framework; path = Platforms/iPhoneOS.platform/Developer/SDKs/iPhoneOS11.4.sdk/System/Library/Frameworks/SystemConfiguration.framework; sourceTree = DEVELOPER_DIR; };
		39DECD5A1FEB7ACC00A8080A /* retry-button.png */ = {isa = PBXFileReference; lastKnownFileType = image.png; path = "retry-button.png"; sourceTree = "<group>"; };
		39DECD5B1FEB7ACC00A8080A /* retry-pressed.png */ = {isa = PBXFileReference; lastKnownFileType = image.png; path = "retry-pressed.png"; sourceTree = "<group>"; };
		39DECD601FEB7C0500A8080A /* next-button.png */ = {isa = PBXFileReference; lastKnownFileType = image.png; path = "next-button.png"; sourceTree = "<group>"; };
		39DECD611FEB7C0500A8080A /* next-pressed.png */ = {isa = PBXFileReference; lastKnownFileType = image.png; path = "next-pressed.png"; sourceTree = "<group>"; };
		39DECD661FEB7CAF00A8080A /* menu-button.png */ = {isa = PBXFileReference; lastKnownFileType = image.png; path = "menu-button.png"; sourceTree = "<group>"; };
		39DECD671FEB7CAF00A8080A /* menu-pressed.png */ = {isa = PBXFileReference; lastKnownFileType = image.png; path = "menu-pressed.png"; sourceTree = "<group>"; };
		39DECD6D1FEE1A5000A8080A /* libz.1.2.5.tbd */ = {isa = PBXFileReference; lastKnownFileType = "sourcecode.text-based-dylib-definition"; name = libz.1.2.5.tbd; path = Platforms/iPhoneOS.platform/Developer/SDKs/iPhoneOS11.2.sdk/usr/lib/libz.1.2.5.tbd; sourceTree = DEVELOPER_DIR; };
		39DECD701FEE1A8600A8080A /* MessageUI.framework */ = {isa = PBXFileReference; lastKnownFileType = wrapper.framework; name = MessageUI.framework; path = Platforms/iPhoneOS.platform/Developer/SDKs/iPhoneOS11.2.sdk/System/Library/Frameworks/MessageUI.framework; sourceTree = DEVELOPER_DIR; };
		39DECD741FEE2F6400A8080A /* Images.xcassets */ = {isa = PBXFileReference; lastKnownFileType = folder.assetcatalog; name = Images.xcassets; path = "BBL-mobile/Images.xcassets"; sourceTree = SOURCE_ROOT; };
		3EACC98E19EE6D4300EB3C5E /* res */ = {isa = PBXFileReference; lastKnownFileType = folder; path = res; sourceTree = "<group>"; };
		41EC4B3AB63D8369F065B795 /* PluginSdkboxPlay.framework */ = {isa = PBXFileReference; lastKnownFileType = wrapper.framework; path = PluginSdkboxPlay.framework; sourceTree = SOURCE_ROOT; };
		455C4CDEAA6EB5C1F164D99D /* libz.1.2.5.dylib */ = {isa = PBXFileReference; lastKnownFileType = "compiled.mach-o.dylib"; name = libz.1.2.5.dylib; path = Platforms/iPhoneOS.platform/Developer/SDKs/iPhoneOS.sdk/usr/lib/libz.1.2.5.dylib; sourceTree = DEVELOPER_DIR; };
		46880B7619C43A67006E1F66 /* CloseNormal.png */ = {isa = PBXFileReference; lastKnownFileType = image.png; path = CloseNormal.png; sourceTree = "<group>"; };
		46880B7719C43A67006E1F66 /* CloseSelected.png */ = {isa = PBXFileReference; lastKnownFileType = image.png; path = CloseSelected.png; sourceTree = "<group>"; };
		46880B7A19C43A67006E1F66 /* HelloWorld.png */ = {isa = PBXFileReference; lastKnownFileType = image.png; path = HelloWorld.png; sourceTree = "<group>"; };
		46880B8419C43A87006E1F66 /* AppDelegate.cpp */ = {isa = PBXFileReference; fileEncoding = 4; lastKnownFileType = sourcecode.cpp.cpp; path = AppDelegate.cpp; sourceTree = "<group>"; };
		46880B8519C43A87006E1F66 /* AppDelegate.h */ = {isa = PBXFileReference; fileEncoding = 4; lastKnownFileType = sourcecode.c.h; path = AppDelegate.h; sourceTree = "<group>"; };
		46880B8619C43A87006E1F66 /* HelloWorldScene.cpp */ = {isa = PBXFileReference; fileEncoding = 4; lastKnownFileType = sourcecode.cpp.cpp; path = HelloWorldScene.cpp; sourceTree = "<group>"; };
		46880B8719C43A87006E1F66 /* HelloWorldScene.h */ = {isa = PBXFileReference; fileEncoding = 4; lastKnownFileType = sourcecode.c.h; path = HelloWorldScene.h; sourceTree = "<group>"; };
		4AC64635AA9C88E83A5948EA /* AdSupport.framework */ = {isa = PBXFileReference; lastKnownFileType = wrapper.framework; name = AdSupport.framework; path = Platforms/iPhoneOS.platform/Developer/SDKs/iPhoneOS.sdk/System/Library/Frameworks/AdSupport.framework; sourceTree = DEVELOPER_DIR; };
		503AE0F617EB97AB00D1A890 /* Icon.icns */ = {isa = PBXFileReference; lastKnownFileType = image.icns; path = Icon.icns; sourceTree = "<group>"; };
		503AE0F717EB97AB00D1A890 /* Info.plist */ = {isa = PBXFileReference; fileEncoding = 4; lastKnownFileType = text.plist.xml; path = Info.plist; sourceTree = "<group>"; };
		503AE0FA17EB989F00D1A890 /* AppController.h */ = {isa = PBXFileReference; fileEncoding = 4; lastKnownFileType = sourcecode.c.h; name = AppController.h; path = ios/AppController.h; sourceTree = SOURCE_ROOT; };
		503AE0FB17EB989F00D1A890 /* AppController.mm */ = {isa = PBXFileReference; fileEncoding = 4; lastKnownFileType = sourcecode.cpp.objcpp; name = AppController.mm; path = ios/AppController.mm; sourceTree = SOURCE_ROOT; };
		503AE0FC17EB989F00D1A890 /* main.m */ = {isa = PBXFileReference; fileEncoding = 4; lastKnownFileType = sourcecode.c.objc; name = main.m; path = ios/main.m; sourceTree = SOURCE_ROOT; };
		503AE0FD17EB989F00D1A890 /* Prefix.pch */ = {isa = PBXFileReference; fileEncoding = 4; lastKnownFileType = sourcecode.c.h; name = Prefix.pch; path = ios/Prefix.pch; sourceTree = SOURCE_ROOT; };
		503AE0FE17EB989F00D1A890 /* RootViewController.h */ = {isa = PBXFileReference; fileEncoding = 4; lastKnownFileType = sourcecode.c.h; name = RootViewController.h; path = ios/RootViewController.h; sourceTree = SOURCE_ROOT; };
		503AE0FF17EB989F00D1A890 /* RootViewController.mm */ = {isa = PBXFileReference; fileEncoding = 4; lastKnownFileType = sourcecode.cpp.objcpp; name = RootViewController.mm; path = ios/RootViewController.mm; sourceTree = SOURCE_ROOT; };
		503AE10317EB98FF00D1A890 /* main.cpp */ = {isa = PBXFileReference; fileEncoding = 4; lastKnownFileType = sourcecode.cpp.cpp; name = main.cpp; path = mac/main.cpp; sourceTree = "<group>"; };
		503AE10417EB98FF00D1A890 /* Prefix.pch */ = {isa = PBXFileReference; fileEncoding = 4; lastKnownFileType = sourcecode.c.h; name = Prefix.pch; path = mac/Prefix.pch; sourceTree = "<group>"; };
		503AE11117EB99EE00D1A890 /* libcurl.dylib */ = {isa = PBXFileReference; lastKnownFileType = "compiled.mach-o.dylib"; name = libcurl.dylib; path = usr/lib/libcurl.dylib; sourceTree = SDKROOT; };
		503AE11A17EB9C5A00D1A890 /* IOKit.framework */ = {isa = PBXFileReference; lastKnownFileType = wrapper.framework; name = IOKit.framework; path = System/Library/Frameworks/IOKit.framework; sourceTree = SDKROOT; };
		5087E76F17EB910900C73F5D /* BBL-desktop.app */ = {isa = PBXFileReference; explicitFileType = wrapper.application; includeInIndex = 0; path = "BBL-desktop.app"; sourceTree = BUILT_PRODUCTS_DIR; };
		5087E77217EB970100C73F5D /* Default-568h@2x.png */ = {isa = PBXFileReference; lastKnownFileType = image.png; path = "Default-568h@2x.png"; sourceTree = "<group>"; };
		5087E77317EB970100C73F5D /* Default.png */ = {isa = PBXFileReference; lastKnownFileType = image.png; path = Default.png; sourceTree = "<group>"; };
		5087E77417EB970100C73F5D /* Default@2x.png */ = {isa = PBXFileReference; lastKnownFileType = image.png; path = "Default@2x.png"; sourceTree = "<group>"; };
		5087E77517EB970100C73F5D /* Icon-114.png */ = {isa = PBXFileReference; lastKnownFileType = image.png; path = "Icon-114.png"; sourceTree = "<group>"; };
		5087E77617EB970100C73F5D /* Icon-120.png */ = {isa = PBXFileReference; lastKnownFileType = image.png; path = "Icon-120.png"; sourceTree = "<group>"; };
		5087E77717EB970100C73F5D /* Icon-144.png */ = {isa = PBXFileReference; lastKnownFileType = image.png; path = "Icon-144.png"; sourceTree = "<group>"; };
		5087E77817EB970100C73F5D /* Icon-152.png */ = {isa = PBXFileReference; lastKnownFileType = image.png; path = "Icon-152.png"; sourceTree = "<group>"; };
		5087E77917EB970100C73F5D /* Icon-57.png */ = {isa = PBXFileReference; lastKnownFileType = image.png; path = "Icon-57.png"; sourceTree = "<group>"; };
		5087E77A17EB970100C73F5D /* Icon-72.png */ = {isa = PBXFileReference; lastKnownFileType = image.png; path = "Icon-72.png"; sourceTree = "<group>"; };
		5087E77B17EB970100C73F5D /* Icon-76.png */ = {isa = PBXFileReference; lastKnownFileType = image.png; path = "Icon-76.png"; sourceTree = "<group>"; };
		5087E77C17EB970100C73F5D /* Info.plist */ = {isa = PBXFileReference; fileEncoding = 4; lastKnownFileType = text.plist.xml; path = Info.plist; sourceTree = "<group>"; };
		5087E78817EB974C00C73F5D /* AppKit.framework */ = {isa = PBXFileReference; lastKnownFileType = wrapper.framework; name = AppKit.framework; path = System/Library/Frameworks/AppKit.framework; sourceTree = SDKROOT; };
		5087E78A17EB975400C73F5D /* OpenGL.framework */ = {isa = PBXFileReference; lastKnownFileType = wrapper.framework; name = OpenGL.framework; path = System/Library/Frameworks/OpenGL.framework; sourceTree = SDKROOT; };
		50EF629217ECD46A001EB2F8 /* Icon-40.png */ = {isa = PBXFileReference; lastKnownFileType = image.png; path = "Icon-40.png"; sourceTree = "<group>"; };
		50EF629317ECD46A001EB2F8 /* Icon-58.png */ = {isa = PBXFileReference; lastKnownFileType = image.png; path = "Icon-58.png"; sourceTree = "<group>"; };
		50EF629417ECD46A001EB2F8 /* Icon-80.png */ = {isa = PBXFileReference; lastKnownFileType = image.png; path = "Icon-80.png"; sourceTree = "<group>"; };
		50EF629517ECD46A001EB2F8 /* Icon-100.png */ = {isa = PBXFileReference; lastKnownFileType = image.png; path = "Icon-100.png"; sourceTree = "<group>"; };
		50EF62A017ECD613001EB2F8 /* Icon-29.png */ = {isa = PBXFileReference; lastKnownFileType = image.png; path = "Icon-29.png"; sourceTree = "<group>"; };
		50EF62A117ECD613001EB2F8 /* Icon-50.png */ = {isa = PBXFileReference; lastKnownFileType = image.png; path = "Icon-50.png"; sourceTree = "<group>"; };
		521A8E6219F0C34300D177D7 /* Default-667h@2x.png */ = {isa = PBXFileReference; lastKnownFileType = image.png; path = "Default-667h@2x.png"; sourceTree = "<group>"; };
		521A8E6319F0C34300D177D7 /* Default-736h@3x.png */ = {isa = PBXFileReference; lastKnownFileType = image.png; path = "Default-736h@3x.png"; sourceTree = "<group>"; };
		521A8EA819F11F5000D177D7 /* fonts */ = {isa = PBXFileReference; lastKnownFileType = folder; path = fonts; sourceTree = "<group>"; };
		52404A0B989423FC948E28CB /* MessageUI.framework */ = {isa = PBXFileReference; lastKnownFileType = wrapper.framework; name = MessageUI.framework; path = Platforms/iPhoneOS.platform/Developer/SDKs/iPhoneOS.sdk/System/Library/Frameworks/MessageUI.framework; sourceTree = DEVELOPER_DIR; };
		52B47A461A53D09B004E4C60 /* Security.framework */ = {isa = PBXFileReference; lastKnownFileType = wrapper.framework; name = Security.framework; path = Platforms/iPhoneOS.platform/Developer/SDKs/iPhoneOS.sdk/System/Library/Frameworks/Security.framework; sourceTree = DEVELOPER_DIR; };
		5371444095F435894A7675DE /* SystemConfiguration.framework */ = {isa = PBXFileReference; lastKnownFileType = wrapper.framework; name = SystemConfiguration.framework; path = Platforms/iPhoneOS.platform/Developer/SDKs/iPhoneOS.sdk/System/Library/Frameworks/SystemConfiguration.framework; sourceTree = DEVELOPER_DIR; };
		54984E58A3DB5A595B0E9F0F /* CoreMedia.framework */ = {isa = PBXFileReference; lastKnownFileType = wrapper.framework; name = CoreMedia.framework; path = Platforms/iPhoneOS.platform/Developer/SDKs/iPhoneOS.sdk/System/Library/Frameworks/CoreMedia.framework; sourceTree = DEVELOPER_DIR; };
		5BE147CBB55AF75E198B558E /* SafariServices.framework */ = {isa = PBXFileReference; lastKnownFileType = wrapper.framework; name = SafariServices.framework; path = Platforms/iPhoneOS.platform/Developer/SDKs/iPhoneOS.sdk/System/Library/Frameworks/SafariServices.framework; sourceTree = DEVELOPER_DIR; };
		61EF43B5B53F433321F53B48 /* PluginSdkboxAds.framework */ = {isa = PBXFileReference; lastKnownFileType = wrapper.framework; path = PluginSdkboxAds.framework; sourceTree = SOURCE_ROOT; };
		65C6416EBF48532A7F0A3DBC /* GoogleMobileAds.framework */ = {isa = PBXFileReference; lastKnownFileType = wrapper.framework; path = GoogleMobileAds.framework; sourceTree = SOURCE_ROOT; };
		77284C5DB3CA1B5BEC0C1478 /* CoreBluetooth.framework */ = {isa = PBXFileReference; lastKnownFileType = wrapper.framework; name = CoreBluetooth.framework; path = Platforms/iPhoneOS.platform/Developer/SDKs/iPhoneOS.sdk/System/Library/Frameworks/CoreBluetooth.framework; sourceTree = DEVELOPER_DIR; };
		79F441DC83B63BA3623DAFB7 /* PluginAdColony.framework */ = {isa = PBXFileReference; lastKnownFileType = wrapper.framework; path = PluginAdColony.framework; sourceTree = SOURCE_ROOT; };
		7B7547C8B47F357C6F54A56E /* StoreKit.framework */ = {isa = PBXFileReference; lastKnownFileType = wrapper.framework; name = StoreKit.framework; path = Platforms/iPhoneOS.platform/Developer/SDKs/iPhoneOS.sdk/System/Library/Frameworks/StoreKit.framework; sourceTree = DEVELOPER_DIR; };
		8262943D1AAF051F00CB7CF7 /* Security.framework */ = {isa = PBXFileReference; lastKnownFileType = wrapper.framework; name = Security.framework; path = System/Library/Frameworks/Security.framework; sourceTree = SDKROOT; };
		A56A42EF9898C74D6AA3D01F /* CFNetwork.framework */ = {isa = PBXFileReference; lastKnownFileType = wrapper.framework; name = CFNetwork.framework; path = Platforms/iPhoneOS.platform/Developer/SDKs/iPhoneOS.sdk/System/Library/Frameworks/CFNetwork.framework; sourceTree = DEVELOPER_DIR; };
		AA7640DDB19CE8DDC7D4C77A /* GLKit.framework */ = {isa = PBXFileReference; lastKnownFileType = wrapper.framework; name = GLKit.framework; path = Platforms/iPhoneOS.platform/Developer/SDKs/iPhoneOS.sdk/System/Library/Frameworks/GLKit.framework; sourceTree = DEVELOPER_DIR; };
		AD03402BB50D7D0EC3A513DC /* PluginAdMob.framework */ = {isa = PBXFileReference; lastKnownFileType = wrapper.framework; path = PluginAdMob.framework; sourceTree = SOURCE_ROOT; };
		B5A541DDA1E0AC617E456348 /* CoreTelephony.framework */ = {isa = PBXFileReference; lastKnownFileType = wrapper.framework; name = CoreTelephony.framework; path = Platforms/iPhoneOS.platform/Developer/SDKs/iPhoneOS.sdk/System/Library/Frameworks/CoreTelephony.framework; sourceTree = DEVELOPER_DIR; };
		B9694EABB06C2146BECCD300 /* libsqlite3.dylib */ = {isa = PBXFileReference; lastKnownFileType = "compiled.mach-o.dylib"; name = libsqlite3.dylib; path = Platforms/iPhoneOS.platform/Developer/SDKs/iPhoneOS.sdk/usr/lib/libsqlite3.dylib; sourceTree = DEVELOPER_DIR; };
		BBF243C3917B6004BFEEEC5C /* GameController.framework */ = {isa = PBXFileReference; lastKnownFileType = wrapper.framework; name = GameController.framework; path = Platforms/iPhoneOS.platform/Developer/SDKs/iPhoneOS.sdk/System/Library/Frameworks/GameController.framework; sourceTree = DEVELOPER_DIR; };
		BF170DB012928DE900B8313A /* OpenGLES.framework */ = {isa = PBXFileReference; lastKnownFileType = wrapper.framework; name = OpenGLES.framework; path = System/Library/Frameworks/OpenGLES.framework; sourceTree = SDKROOT; };
		BF170DB412928DE900B8313A /* libz.dylib */ = {isa = PBXFileReference; lastKnownFileType = "compiled.mach-o.dylib"; name = libz.dylib; path = usr/lib/libz.dylib; sourceTree = SDKROOT; };
		BF1C47EA1293683800B63C5D /* QuartzCore.framework */ = {isa = PBXFileReference; lastKnownFileType = wrapper.framework; name = QuartzCore.framework; path = System/Library/Frameworks/QuartzCore.framework; sourceTree = SDKROOT; };
		C986459F9CA01AFD485254F0 /* MobileCoreServices.framework */ = {isa = PBXFileReference; lastKnownFileType = wrapper.framework; name = MobileCoreServices.framework; path = Platforms/iPhoneOS.platform/Developer/SDKs/iPhoneOS.sdk/System/Library/Frameworks/MobileCoreServices.framework; sourceTree = DEVELOPER_DIR; };
		CC0E4DB0960C416D09D85396 /* CoreVideo.framework */ = {isa = PBXFileReference; lastKnownFileType = wrapper.framework; name = CoreVideo.framework; path = Platforms/iPhoneOS.platform/Developer/SDKs/iPhoneOS.sdk/System/Library/Frameworks/CoreVideo.framework; sourceTree = DEVELOPER_DIR; };
		D0654717A0F3446E0AE6637F /* AdColony.framework */ = {isa = PBXFileReference; lastKnownFileType = wrapper.framework; path = AdColony.framework; sourceTree = SOURCE_ROOT; };
		D44C620B132DFF330009C878 /* OpenAL.framework */ = {isa = PBXFileReference; lastKnownFileType = wrapper.framework; name = OpenAL.framework; path = System/Library/Frameworks/OpenAL.framework; sourceTree = SDKROOT; };
		D44C620D132DFF430009C878 /* AVFoundation.framework */ = {isa = PBXFileReference; lastKnownFileType = wrapper.framework; name = AVFoundation.framework; path = System/Library/Frameworks/AVFoundation.framework; sourceTree = SDKROOT; };
		D44C620F132DFF4E0009C878 /* AudioToolbox.framework */ = {isa = PBXFileReference; lastKnownFileType = wrapper.framework; name = AudioToolbox.framework; path = System/Library/Frameworks/AudioToolbox.framework; sourceTree = SDKROOT; };
		D6B0611A1803AB670077942B /* CoreMotion.framework */ = {isa = PBXFileReference; lastKnownFileType = wrapper.framework; name = CoreMotion.framework; path = Platforms/iPhoneOS.platform/Developer/SDKs/iPhoneOS.sdk/System/Library/Frameworks/CoreMotion.framework; sourceTree = DEVELOPER_DIR; };
		D8D7476EB1AB47C9269BBED4 /* sdkbox.framework */ = {isa = PBXFileReference; lastKnownFileType = wrapper.framework; path = sdkbox.framework; sourceTree = SOURCE_ROOT; };
		E8FB4DB9AAC67F061C711FBE /* EventKit.framework */ = {isa = PBXFileReference; lastKnownFileType = wrapper.framework; name = EventKit.framework; path = Platforms/iPhoneOS.platform/Developer/SDKs/iPhoneOS.sdk/System/Library/Frameworks/EventKit.framework; sourceTree = DEVELOPER_DIR; };
		ED545A7B1B68A1F400C3958E /* libiconv.dylib */ = {isa = PBXFileReference; lastKnownFileType = "compiled.mach-o.dylib"; name = libiconv.dylib; path = Platforms/iPhoneOS.platform/Developer/SDKs/iPhoneOS.sdk/usr/lib/libiconv.dylib; sourceTree = DEVELOPER_DIR; };
		ED545A7D1B68A1FA00C3958E /* libiconv.dylib */ = {isa = PBXFileReference; lastKnownFileType = "compiled.mach-o.dylib"; name = libiconv.dylib; path = usr/lib/libiconv.dylib; sourceTree = SDKROOT; };
		F8174BE8BA6C8553475CC85F /* MediaPlayer.framework */ = {isa = PBXFileReference; lastKnownFileType = wrapper.framework; name = MediaPlayer.framework; path = Platforms/iPhoneOS.platform/Developer/SDKs/iPhoneOS.sdk/System/Library/Frameworks/MediaPlayer.framework; sourceTree = DEVELOPER_DIR; };
/* End PBXFileReference section */

/* Begin PBXFrameworksBuildPhase section */
		1D60588F0D05DD3D006BFB54 /* Frameworks */ = {
			isa = PBXFrameworksBuildPhase;
			buildActionMask = 2147483647;
			files = (
				39961DE920FE9CF500380E2D /* SystemConfiguration.framework in Frameworks */,
				39961DE720FE9CEA00380E2D /* MobileCoreServices.framework in Frameworks */,
				39961DE520FE9CE200380E2D /* MessageUI.framework in Frameworks */,
				39961DE320FE9CDA00380E2D /* JavaScriptCore.framework in Frameworks */,
				39961DE120FE9CD200380E2D /* CoreTelephony.framework in Frameworks */,
				39DECD711FEE1A8600A8080A /* MessageUI.framework in Frameworks */,
				39DECD6F1FEE1A5000A8080A /* libz.1.2.5.tbd in Frameworks */,
				294D0D641D0D56D500F7F5D4 /* CoreText.framework in Frameworks */,
				ED545A7C1B68A1F400C3958E /* libiconv.dylib in Frameworks */,
				52B47A471A53D09C004E4C60 /* Security.framework in Frameworks */,
				1AC6FB30180E99EB004C840B /* libcocos2d iOS.a in Frameworks */,
				D6B0611B1803AB670077942B /* CoreMotion.framework in Frameworks */,
				1D60589F0D05DD5A006BFB54 /* Foundation.framework in Frameworks */,
				1DF5F4E00D08C38300B7A737 /* UIKit.framework in Frameworks */,
				288765A50DF7441C002DB57D /* CoreGraphics.framework in Frameworks */,
				BF171245129291EC00B8313A /* OpenGLES.framework in Frameworks */,
				BF1712471292920000B8313A /* libz.dylib in Frameworks */,
				BF1C47F01293687400B63C5D /* QuartzCore.framework in Frameworks */,
				D44C620C132DFF330009C878 /* OpenAL.framework in Frameworks */,
				D44C620E132DFF430009C878 /* AVFoundation.framework in Frameworks */,
				D44C6210132DFF4E0009C878 /* AudioToolbox.framework in Frameworks */,
				C53A44A880A706804630C372 /* sdkbox.framework in Frameworks */,
				3908890D20D8896100681B92 /* GameKit.framework in Frameworks */,
				E4CA49529EA053D0244FDD31 /* PluginSdkboxAds.framework in Frameworks */,
				7D134103894CB0AA04BB1682 /* AdSupport.framework in Frameworks */,
				8C9D409D8818FA6D8967A31B /* CFNetwork.framework in Frameworks */,
				895B4721804C0C131FE3BAA1 /* CoreMedia.framework in Frameworks */,
				9B2F471DA72C392C8AB523C0 /* libsqlite3.dylib in Frameworks */,
				6FE645E9B8DE3E2538D9FC9C /* MediaPlayer.framework in Frameworks */,
				703D4C1BB50B873A363763C8 /* StoreKit.framework in Frameworks */,
				534846F6A9D98B6B3A3236C5 /* SystemConfiguration.framework in Frameworks */,
				45C04909BB69A621E73A7ADB /* WebKit.framework in Frameworks */,
				4F08423DB97F53484E1AB357 /* GameController.framework in Frameworks */,
				6FB84DFFA9A5470DB29B34E5 /* CoreBluetooth.framework in Frameworks */,
				B4E741209478CC0D44616BAD /* GLKit.framework in Frameworks */,
				6AB94DD8975D6BFDAFA91D77 /* PluginIAP.framework in Frameworks */,
				D4B0484C857989963DD8DFEE /* PluginAdColony.framework in Frameworks */,
				98BA482BB6AD68C92D623B92 /* AdColony.framework in Frameworks */,
				6F8E434DAE0FE2872B0D63B8 /* libz.1.2.5.dylib in Frameworks */,
				66C1408E89D347459A7B5653 /* CoreTelephony.framework in Frameworks */,
				721B479A87A53E595A20B57C /* EventKit.framework in Frameworks */,
				0AA04A66A0AF49D15F35B2D7 /* EventKitUI.framework in Frameworks */,
				23B548BC8A40299F6CE0BAEE /* MessageUI.framework in Frameworks */,
				EC5F4B09870072C12A52C94C /* Social.framework in Frameworks */,
				F6B14188A7B472E8D7717743 /* JavaScriptCore.framework in Frameworks */,
				BEF548D69C56BE2DC0D65400 /* WatchConnectivity.framework in Frameworks */,
				09364CEE9BF51BCE097BEDA7 /* MobileCoreServices.framework in Frameworks */,
				CA5A48E7AFEA3FF3F86A89E0 /* PluginAdMob.framework in Frameworks */,
				32F6480BAE4A3CFE55A76529 /* GoogleMobileAds.framework in Frameworks */,
				464B46568F23BD03615772B3 /* CoreVideo.framework in Frameworks */,
				8465407C86278DA21A641F1F /* SafariServices.framework in Frameworks */,
				90794920BE730F5404D61404 /* PluginSdkboxPlay.framework in Frameworks */,
			);
			runOnlyForDeploymentPostprocessing = 0;
		};
		5087E75C17EB910900C73F5D /* Frameworks */ = {
			isa = PBXFrameworksBuildPhase;
			buildActionMask = 2147483647;
			files = (
				ED545A7E1B68A1FA00C3958E /* libiconv.dylib in Frameworks */,
				1AC6FB21180E996B004C840B /* libcocos2d Mac.a in Frameworks */,
				5087E76717EB910900C73F5D /* libz.dylib in Frameworks */,
				8262943E1AAF051F00CB7CF7 /* Security.framework in Frameworks */,
				503AE11B17EB9C5A00D1A890 /* IOKit.framework in Frameworks */,
				5087E78B17EB975400C73F5D /* OpenGL.framework in Frameworks */,
				39961DC920F7AF8E00380E2D /* PluginSdkboxAds.framework in Frameworks */,
				5087E78917EB974C00C73F5D /* AppKit.framework in Frameworks */,
				5087E76317EB910900C73F5D /* Foundation.framework in Frameworks */,
				5087E76817EB910900C73F5D /* QuartzCore.framework in Frameworks */,
				5087E76917EB910900C73F5D /* OpenAL.framework in Frameworks */,
				5087E76A17EB910900C73F5D /* AVFoundation.framework in Frameworks */,
				5087E76B17EB910900C73F5D /* AudioToolbox.framework in Frameworks */,
			);
			runOnlyForDeploymentPostprocessing = 0;
		};
/* End PBXFrameworksBuildPhase section */

/* Begin PBXGroup section */
		080E96DDFE201D6D7F000001 /* ios */ = {
			isa = PBXGroup;
			children = (
				5087E77117EB970100C73F5D /* Icons */,
				503AE0FA17EB989F00D1A890 /* AppController.h */,
				503AE0FB17EB989F00D1A890 /* AppController.mm */,
				503AE0FC17EB989F00D1A890 /* main.m */,
				503AE0FD17EB989F00D1A890 /* Prefix.pch */,
				503AE0FE17EB989F00D1A890 /* RootViewController.h */,
				503AE0FF17EB989F00D1A890 /* RootViewController.mm */,
			);
			name = ios;
			path = Classes;
			sourceTree = "<group>";
		};
		19C28FACFE9D520D11CA2CBB /* Products */ = {
			isa = PBXGroup;
			children = (
				1D6058910D05DD3D006BFB54 /* Word Bubbles.app */,
				5087E76F17EB910900C73F5D /* BBL-desktop.app */,
			);
			name = Products;
			sourceTree = "<group>";
		};
		1AC6FAE6180E9839004C840B /* Products */ = {
			isa = PBXGroup;
			children = (
				1AC6FAF9180E9839004C840B /* libcocos2d Mac.a */,
				1AC6FB07180E9839004C840B /* libcocos2d iOS.a */,
				39327C2D1FB4FFC900F8C480 /* libcocos2d tvOS.a */,
			);
			name = Products;
			sourceTree = "<group>";
		};
		29B97314FDCFA39411CA2CEA /* CustomTemplate */ = {
			isa = PBXGroup;
			children = (
				3908890B20D8894700681B92 /* BBL-mobile.entitlements */,
				46880B8319C43A87006E1F66 /* Classes */,
				46880B7519C43A67006E1F66 /* Resources */,
				1AC6FAE5180E9839004C840B /* cocos2d_libs.xcodeproj */,
				29B97323FDCFA39411CA2CEA /* Frameworks */,
				080E96DDFE201D6D7F000001 /* ios */,
				503AE10617EB990700D1A890 /* mac */,
				19C28FACFE9D520D11CA2CBB /* Products */,
			);
			name = CustomTemplate;
			sourceTree = "<group>";
		};
		29B97323FDCFA39411CA2CEA /* Frameworks */ = {
			isa = PBXGroup;
			children = (
				39961DE820FE9CF500380E2D /* SystemConfiguration.framework */,
				39961DE620FE9CEA00380E2D /* MobileCoreServices.framework */,
				39961DE420FE9CE200380E2D /* MessageUI.framework */,
				39961DE220FE9CDA00380E2D /* JavaScriptCore.framework */,
				39961DE020FE9CD200380E2D /* CoreTelephony.framework */,
				3908890C20D8896100681B92 /* GameKit.framework */,
				39DECD701FEE1A8600A8080A /* MessageUI.framework */,
				39DECD6D1FEE1A5000A8080A /* libz.1.2.5.tbd */,
				294D0D631D0D56D500F7F5D4 /* CoreText.framework */,
				ED545A7D1B68A1FA00C3958E /* libiconv.dylib */,
				ED545A7B1B68A1F400C3958E /* libiconv.dylib */,
				8262943D1AAF051F00CB7CF7 /* Security.framework */,
				52B47A461A53D09B004E4C60 /* Security.framework */,
				D6B0611A1803AB670077942B /* CoreMotion.framework */,
				503AE11A17EB9C5A00D1A890 /* IOKit.framework */,
				503AE11117EB99EE00D1A890 /* libcurl.dylib */,
				5087E78A17EB975400C73F5D /* OpenGL.framework */,
				5087E78817EB974C00C73F5D /* AppKit.framework */,
				1ACB3243164770DE00914215 /* libcurl.a */,
				BF170DB412928DE900B8313A /* libz.dylib */,
				D44C620F132DFF4E0009C878 /* AudioToolbox.framework */,
				D44C620D132DFF430009C878 /* AVFoundation.framework */,
				288765A40DF7441C002DB57D /* CoreGraphics.framework */,
				1D30AB110D05D00D00671497 /* Foundation.framework */,
				D44C620B132DFF330009C878 /* OpenAL.framework */,
				BF170DB012928DE900B8313A /* OpenGLES.framework */,
				BF1C47EA1293683800B63C5D /* QuartzCore.framework */,
				1DF5F4DF0D08C38300B7A737 /* UIKit.framework */,
				D8D7476EB1AB47C9269BBED4 /* sdkbox.framework */,
				61EF43B5B53F433321F53B48 /* PluginSdkboxAds.framework */,
				4AC64635AA9C88E83A5948EA /* AdSupport.framework */,
				A56A42EF9898C74D6AA3D01F /* CFNetwork.framework */,
				54984E58A3DB5A595B0E9F0F /* CoreMedia.framework */,
				B9694EABB06C2146BECCD300 /* libsqlite3.dylib */,
				F8174BE8BA6C8553475CC85F /* MediaPlayer.framework */,
				7B7547C8B47F357C6F54A56E /* StoreKit.framework */,
				5371444095F435894A7675DE /* SystemConfiguration.framework */,
				0B5E4229A8A6DB6CF6ABBB4A /* WebKit.framework */,
				BBF243C3917B6004BFEEEC5C /* GameController.framework */,
				77284C5DB3CA1B5BEC0C1478 /* CoreBluetooth.framework */,
				AA7640DDB19CE8DDC7D4C77A /* GLKit.framework */,
				157E4727869D2EDAABE64BB3 /* PluginIAP.framework */,
				79F441DC83B63BA3623DAFB7 /* PluginAdColony.framework */,
				D0654717A0F3446E0AE6637F /* AdColony.framework */,
				455C4CDEAA6EB5C1F164D99D /* libz.1.2.5.dylib */,
				B5A541DDA1E0AC617E456348 /* CoreTelephony.framework */,
				E8FB4DB9AAC67F061C711FBE /* EventKit.framework */,
				3533448CBB234757B99C1653 /* EventKitUI.framework */,
				52404A0B989423FC948E28CB /* MessageUI.framework */,
				0BAC47ADB80BDF46B3B0171C /* Social.framework */,
				051844A4B6A122FFA3254BE9 /* JavaScriptCore.framework */,
				13114160AE0134A3DE1E4D3F /* WatchConnectivity.framework */,
				C986459F9CA01AFD485254F0 /* MobileCoreServices.framework */,
				AD03402BB50D7D0EC3A513DC /* PluginAdMob.framework */,
				65C6416EBF48532A7F0A3DBC /* GoogleMobileAds.framework */,
				CC0E4DB0960C416D09D85396 /* CoreVideo.framework */,
				5BE147CBB55AF75E198B558E /* SafariServices.framework */,
				41EC4B3AB63D8369F065B795 /* PluginSdkboxPlay.framework */,
			);
			name = Frameworks;
			sourceTree = "<group>";
		};
		46880B7519C43A67006E1F66 /* Resources */ = {
			isa = PBXGroup;
			children = (
				3908895420E2EB2600681B92 /* smalldict */,
				397EF01620C78FA500129F2B /* grad_diamond.png */,
				39DECD741FEE2F6400A8080A /* Images.xcassets */,
				39DECD5A1FEB7ACC00A8080A /* retry-button.png */,
				39DECD5B1FEB7ACC00A8080A /* retry-pressed.png */,
				39DECD601FEB7C0500A8080A /* next-button.png */,
				39DECD611FEB7C0500A8080A /* next-pressed.png */,
				39DECD661FEB7CAF00A8080A /* menu-button.png */,
				39DECD671FEB7CAF00A8080A /* menu-pressed.png */,
				395242361FBD150300F78065 /* dict */,
				3952422B1FB9252700F78065 /* sfx */,
				3952421D1FB5194300F78065 /* levels */,
				521A8EA819F11F5000D177D7 /* fonts */,
				3EACC98E19EE6D4300EB3C5E /* res */,
				46880B7619C43A67006E1F66 /* CloseNormal.png */,
				46880B7719C43A67006E1F66 /* CloseSelected.png */,
				46880B7A19C43A67006E1F66 /* HelloWorld.png */,
				10CB494AB9E10668D22023AF /* sdkbox_config.json */,
			);
			name = Resources;
			path = ../Resources;
			sourceTree = "<group>";
		};
		46880B8319C43A87006E1F66 /* Classes */ = {
			isa = PBXGroup;
			children = (
				46880B8419C43A87006E1F66 /* AppDelegate.cpp */,
				46880B8519C43A87006E1F66 /* AppDelegate.h */,
				46880B8619C43A87006E1F66 /* HelloWorldScene.cpp */,
				46880B8719C43A87006E1F66 /* HelloWorldScene.h */,
				395242101FB513E400F78065 /* LevelScene.cpp */,
				395242111FB513E400F78065 /* LevelScene.hpp */,
				395242201FB525C500F78065 /* Bubble.cpp */,
				395242211FB525C500F78065 /* Bubble.hpp */,
				395242241FB7893800F78065 /* Util.cpp */,
				395242251FB7893800F78065 /* Util.hpp */,
				395242321FBD071A00F78065 /* GameManager.cpp */,
				395242331FBD071A00F78065 /* GameManager.hpp */,
				397EF01120C7801200129F2B /* ColorConv.cpp */,
				397EF01220C7801200129F2B /* ColorConv.hpp */,
			);
			name = Classes;
			path = ../Classes;
			sourceTree = "<group>";
		};
		503AE0F517EB97AB00D1A890 /* Icons */ = {
			isa = PBXGroup;
			children = (
				503AE0F617EB97AB00D1A890 /* Icon.icns */,
				503AE0F717EB97AB00D1A890 /* Info.plist */,
			);
			name = Icons;
			path = mac;
			sourceTree = SOURCE_ROOT;
		};
		503AE10617EB990700D1A890 /* mac */ = {
			isa = PBXGroup;
			children = (
				503AE0F517EB97AB00D1A890 /* Icons */,
				503AE10317EB98FF00D1A890 /* main.cpp */,
				503AE10417EB98FF00D1A890 /* Prefix.pch */,
			);
			name = mac;
			sourceTree = "<group>";
		};
		5087E77117EB970100C73F5D /* Icons */ = {
			isa = PBXGroup;
			children = (
				521A8E6219F0C34300D177D7 /* Default-667h@2x.png */,
				521A8E6319F0C34300D177D7 /* Default-736h@3x.png */,
				5087E77217EB970100C73F5D /* Default-568h@2x.png */,
				5087E77317EB970100C73F5D /* Default.png */,
				5087E77417EB970100C73F5D /* Default@2x.png */,
				50EF62A017ECD613001EB2F8 /* Icon-29.png */,
				50EF62A117ECD613001EB2F8 /* Icon-50.png */,
				50EF629217ECD46A001EB2F8 /* Icon-40.png */,
				50EF629317ECD46A001EB2F8 /* Icon-58.png */,
				50EF629417ECD46A001EB2F8 /* Icon-80.png */,
				50EF629517ECD46A001EB2F8 /* Icon-100.png */,
				5087E77517EB970100C73F5D /* Icon-114.png */,
				5087E77617EB970100C73F5D /* Icon-120.png */,
				5087E77717EB970100C73F5D /* Icon-144.png */,
				5087E77817EB970100C73F5D /* Icon-152.png */,
				5087E77917EB970100C73F5D /* Icon-57.png */,
				5087E77A17EB970100C73F5D /* Icon-72.png */,
				5087E77B17EB970100C73F5D /* Icon-76.png */,
				5087E77C17EB970100C73F5D /* Info.plist */,
			);
			name = Icons;
			path = ios;
			sourceTree = SOURCE_ROOT;
		};
/* End PBXGroup section */

/* Begin PBXNativeTarget section */
		1D6058900D05DD3D006BFB54 /* BBL-mobile */ = {
			isa = PBXNativeTarget;
			buildConfigurationList = 1D6058960D05DD3E006BFB54 /* Build configuration list for PBXNativeTarget "BBL-mobile" */;
			buildPhases = (
				1D60588D0D05DD3D006BFB54 /* Resources */,
				1D60588E0D05DD3D006BFB54 /* Sources */,
				1D60588F0D05DD3D006BFB54 /* Frameworks */,
			);
			buildRules = (
			);
			dependencies = (
				1AC6FB25180E99E1004C840B /* PBXTargetDependency */,
			);
			name = "BBL-mobile";
			productName = iphone;
			productReference = 1D6058910D05DD3D006BFB54 /* Word Bubbles.app */;
			productType = "com.apple.product-type.application";
		};
		5087E73D17EB910900C73F5D /* BBL-desktop */ = {
			isa = PBXNativeTarget;
			buildConfigurationList = 5087E76C17EB910900C73F5D /* Build configuration list for PBXNativeTarget "BBL-desktop" */;
			buildPhases = (
				5087E74817EB910900C73F5D /* Resources */,
				5087E75617EB910900C73F5D /* Sources */,
				5087E75C17EB910900C73F5D /* Frameworks */,
			);
			buildRules = (
			);
			dependencies = (
				1AC6FB16180E9959004C840B /* PBXTargetDependency */,
			);
			name = "BBL-desktop";
			productName = iphone;
			productReference = 5087E76F17EB910900C73F5D /* BBL-desktop.app */;
			productType = "com.apple.product-type.application";
		};
/* End PBXNativeTarget section */

/* Begin PBXProject section */
		29B97313FDCFA39411CA2CEA /* Project object */ = {
			isa = PBXProject;
			attributes = {
				LastUpgradeCheck = 0500;
				TargetAttributes = {
					1D6058900D05DD3D006BFB54 = {
						DevelopmentTeam = E2FPXMPTD9;
						SystemCapabilities = {
							com.apple.GameCenter.iOS = {
								enabled = 1;
							};
							com.apple.Push = {
								enabled = 0;
							};
							com.apple.iCloud = {
								enabled = 1;
							};
						};
					};
				};
			};
			buildConfigurationList = C01FCF4E08A954540054247B /* Build configuration list for PBXProject "BBL" */;
			compatibilityVersion = "Xcode 3.2";
			developmentRegion = English;
			hasScannedForEncodings = 1;
			knownRegions = (
				English,
				Japanese,
				French,
				German,
			);
			mainGroup = 29B97314FDCFA39411CA2CEA /* CustomTemplate */;
			projectDirPath = "";
			projectReferences = (
				{
					ProductGroup = 1AC6FAE6180E9839004C840B /* Products */;
					ProjectRef = 1AC6FAE5180E9839004C840B /* cocos2d_libs.xcodeproj */;
				},
			);
			projectRoot = "";
			targets = (
				1D6058900D05DD3D006BFB54 /* BBL-mobile */,
				5087E73D17EB910900C73F5D /* BBL-desktop */,
			);
		};
/* End PBXProject section */

/* Begin PBXReferenceProxy section */
		1AC6FAF9180E9839004C840B /* libcocos2d Mac.a */ = {
			isa = PBXReferenceProxy;
			fileType = archive.ar;
			path = "libcocos2d Mac.a";
			remoteRef = 1AC6FAF8180E9839004C840B /* PBXContainerItemProxy */;
			sourceTree = BUILT_PRODUCTS_DIR;
		};
		1AC6FB07180E9839004C840B /* libcocos2d iOS.a */ = {
			isa = PBXReferenceProxy;
			fileType = archive.ar;
			path = "libcocos2d iOS.a";
			remoteRef = 1AC6FB06180E9839004C840B /* PBXContainerItemProxy */;
			sourceTree = BUILT_PRODUCTS_DIR;
		};
		39327C2D1FB4FFC900F8C480 /* libcocos2d tvOS.a */ = {
			isa = PBXReferenceProxy;
			fileType = archive.ar;
			path = "libcocos2d tvOS.a";
			remoteRef = 39327C2C1FB4FFC900F8C480 /* PBXContainerItemProxy */;
			sourceTree = BUILT_PRODUCTS_DIR;
		};
/* End PBXReferenceProxy section */

/* Begin PBXResourcesBuildPhase section */
		1D60588D0D05DD3D006BFB54 /* Resources */ = {
			isa = PBXResourcesBuildPhase;
			buildActionMask = 2147483647;
			files = (
				39DECD681FEB7CAF00A8080A /* menu-button.png in Resources */,
				5087E78117EB970100C73F5D /* Icon-120.png in Resources */,
				3952421E1FB5194300F78065 /* levels in Resources */,
				5087E78617EB970100C73F5D /* Icon-76.png in Resources */,
				5087E77F17EB970100C73F5D /* Default@2x.png in Resources */,
				397EF01720C78FA600129F2B /* grad_diamond.png in Resources */,
				50EF629917ECD46A001EB2F8 /* Icon-100.png in Resources */,
				5087E78317EB970100C73F5D /* Icon-152.png in Resources */,
				39DECD5C1FEB7ACC00A8080A /* retry-button.png in Resources */,
				395242371FBD150400F78065 /* dict in Resources */,
				46880B8119C43A67006E1F66 /* HelloWorld.png in Resources */,
				3952422C1FB9252700F78065 /* sfx in Resources */,
				39DECD751FEE2F6400A8080A /* Images.xcassets in Resources */,
				46880B7D19C43A67006E1F66 /* CloseSelected.png in Resources */,
				5087E77D17EB970100C73F5D /* Default-568h@2x.png in Resources */,
				5087E78517EB970100C73F5D /* Icon-72.png in Resources */,
				39DECD6A1FEB7CAF00A8080A /* menu-pressed.png in Resources */,
				39DECD5E1FEB7ACC00A8080A /* retry-pressed.png in Resources */,
				39DECD621FEB7C0500A8080A /* next-button.png in Resources */,
				521A8E6519F0C34300D177D7 /* Default-736h@3x.png in Resources */,
				521A8EA919F11F5000D177D7 /* fonts in Resources */,
				50EF62A317ECD613001EB2F8 /* Icon-50.png in Resources */,
				5087E78017EB970100C73F5D /* Icon-114.png in Resources */,
				50EF62A217ECD613001EB2F8 /* Icon-29.png in Resources */,
				50EF629617ECD46A001EB2F8 /* Icon-40.png in Resources */,
				5087E78217EB970100C73F5D /* Icon-144.png in Resources */,
				3EACC98F19EE6D4300EB3C5E /* res in Resources */,
				50EF629817ECD46A001EB2F8 /* Icon-80.png in Resources */,
				5087E78417EB970100C73F5D /* Icon-57.png in Resources */,
				5087E77E17EB970100C73F5D /* Default.png in Resources */,
				521A8E6419F0C34300D177D7 /* Default-667h@2x.png in Resources */,
				46880B7B19C43A67006E1F66 /* CloseNormal.png in Resources */,
				39DECD641FEB7C0500A8080A /* next-pressed.png in Resources */,
				50EF629717ECD46A001EB2F8 /* Icon-58.png in Resources */,
				3908895520E2EB2600681B92 /* smalldict in Resources */,
				7BBB422E9FED2C82023EB74A /* sdkbox_config.json in Resources */,
			);
			runOnlyForDeploymentPostprocessing = 0;
		};
		5087E74817EB910900C73F5D /* Resources */ = {
			isa = PBXResourcesBuildPhase;
			buildActionMask = 2147483647;
			files = (
				46880B8219C43A67006E1F66 /* HelloWorld.png in Resources */,
				503AE0F817EB97AB00D1A890 /* Icon.icns in Resources */,
				39DECD6B1FEB7CAF00A8080A /* menu-pressed.png in Resources */,
				39DECD631FEB7C0500A8080A /* next-button.png in Resources */,
				3EACC99019EE6D4300EB3C5E /* res in Resources */,
				521A8EAA19F11F5000D177D7 /* fonts in Resources */,
				39DECD5D1FEB7ACC00A8080A /* retry-button.png in Resources */,
				3952422D1FB9252700F78065 /* sfx in Resources */,
				39DECD5F1FEB7ACC00A8080A /* retry-pressed.png in Resources */,
				46880B7C19C43A67006E1F66 /* CloseNormal.png in Resources */,
				46880B7E19C43A67006E1F66 /* CloseSelected.png in Resources */,
				395242381FBD150400F78065 /* dict in Resources */,
				397EF01820C78FA600129F2B /* grad_diamond.png in Resources */,
				39DECD651FEB7C0500A8080A /* next-pressed.png in Resources */,
				39DECD691FEB7CAF00A8080A /* menu-button.png in Resources */,
				3952421F1FB5194300F78065 /* levels in Resources */,
			);
			runOnlyForDeploymentPostprocessing = 0;
		};
/* End PBXResourcesBuildPhase section */

/* Begin PBXSourcesBuildPhase section */
		1D60588E0D05DD3D006BFB54 /* Sources */ = {
			isa = PBXSourcesBuildPhase;
			buildActionMask = 2147483647;
			files = (
				46880B8819C43A87006E1F66 /* AppDelegate.cpp in Sources */,
				395242341FBD071A00F78065 /* GameManager.cpp in Sources */,
				46880B8A19C43A87006E1F66 /* HelloWorldScene.cpp in Sources */,
				503AE10017EB989F00D1A890 /* AppController.mm in Sources */,
				395242221FB525C500F78065 /* Bubble.cpp in Sources */,
				397EF01320C7801200129F2B /* ColorConv.cpp in Sources */,
				503AE10217EB989F00D1A890 /* RootViewController.mm in Sources */,
				503AE10117EB989F00D1A890 /* main.m in Sources */,
				395242121FB513E400F78065 /* LevelScene.cpp in Sources */,
				395242261FB7893800F78065 /* Util.cpp in Sources */,
			);
			runOnlyForDeploymentPostprocessing = 0;
		};
		5087E75617EB910900C73F5D /* Sources */ = {
			isa = PBXSourcesBuildPhase;
			buildActionMask = 2147483647;
			files = (
				46880B8919C43A87006E1F66 /* AppDelegate.cpp in Sources */,
				395242231FB525C500F78065 /* Bubble.cpp in Sources */,
				395242131FB513E400F78065 /* LevelScene.cpp in Sources */,
				397EF01420C7801200129F2B /* ColorConv.cpp in Sources */,
				395242271FB7893800F78065 /* Util.cpp in Sources */,
				395242351FBD071A00F78065 /* GameManager.cpp in Sources */,
				503AE10517EB98FF00D1A890 /* main.cpp in Sources */,
				46880B8B19C43A87006E1F66 /* HelloWorldScene.cpp in Sources */,
			);
			runOnlyForDeploymentPostprocessing = 0;
		};
/* End PBXSourcesBuildPhase section */

/* Begin PBXTargetDependency section */
		1AC6FB16180E9959004C840B /* PBXTargetDependency */ = {
			isa = PBXTargetDependency;
			name = "cocos2dx Mac";
			targetProxy = 1AC6FB15180E9959004C840B /* PBXContainerItemProxy */;
		};
		1AC6FB25180E99E1004C840B /* PBXTargetDependency */ = {
			isa = PBXTargetDependency;
			name = "cocos2dx iOS";
			targetProxy = 1AC6FB24180E99E1004C840B /* PBXContainerItemProxy */;
		};
/* End PBXTargetDependency section */

/* Begin XCBuildConfiguration section */
		1D6058940D05DD3E006BFB54 /* Debug */ = {
			isa = XCBuildConfiguration;
			buildSettings = {
				ALWAYS_SEARCH_USER_PATHS = YES;
				ASSETCATALOG_COMPILER_APPICON_NAME = AppIcon;
				ASSETCATALOG_COMPILER_LAUNCHIMAGE_NAME = LaunchImage;
				CODE_SIGN_ENTITLEMENTS = "BBL-mobile/BBL-mobile.entitlements";
				CODE_SIGN_IDENTITY = "iPhone Developer";
				COMPRESS_PNG_FILES = NO;
				DEVELOPMENT_TEAM = E2FPXMPTD9;
				ENABLE_BITCODE = NO;
				FRAMEWORK_SEARCH_PATHS = "\"$(SRCROOT)\"";
				GCC_DYNAMIC_NO_PIC = NO;
				GCC_INLINES_ARE_PRIVATE_EXTERN = NO;
				GCC_PRECOMPILE_PREFIX_HEADER = YES;
				GCC_PREFIX_HEADER = ios/Prefix.pch;
				GCC_PREPROCESSOR_DEFINITIONS = (
					USE_FILE32API,
					"COCOS2D_DEBUG=1",
					"CC_ENABLE_CHIPMUNK_INTEGRATION=1",
				);
				GCC_SYMBOLS_PRIVATE_EXTERN = NO;
				HEADER_SEARCH_PATHS = "$(inherited)";
				INFOPLIST_FILE = ios/Info.plist;
				IPHONEOS_DEPLOYMENT_TARGET = 9.0;
				LIBRARY_SEARCH_PATHS = (
					"\"sdkbox.framework\"",
					"\"PluginSdkboxAds.framework\"",
					"\"PluginIAP.framework\"",
					"\"PluginAdColony.framework\"",
					"\"AdColony.framework\"",
					"\"PluginAdMob.framework\"",
					"\"GoogleMobileAds.framework\"",
					"\"PluginSdkboxPlay.framework\"",
				);
				OTHER_CFLAGS = "-DSDKBOX_ENABLED";
				OTHER_LDFLAGS = (
					"$(_COCOS_LIB_IOS_BEGIN)",
					"$(_COCOS_LIB_IOS_END)",
					"-ObjC",
					"-fobjc-arc",
				);
				PRODUCT_BUNDLE_IDENTIFIER = com.blopit.BBL;
				PRODUCT_NAME = "Word Bubbles";
				SDKROOT = iphoneos;
				STRIP_PNG_TEXT = NO;
				TARGETED_DEVICE_FAMILY = 1;
				USER_HEADER_SEARCH_PATHS = "$(_COCOS_HEADER_IOS_BEGIN) $(_COCOS_HEADER_IOS_END)";
				VALID_ARCHS = "arm64 armv7";
			};
			name = Debug;
		};
		1D6058950D05DD3E006BFB54 /* Release */ = {
			isa = XCBuildConfiguration;
			buildSettings = {
				ALWAYS_SEARCH_USER_PATHS = YES;
				ASSETCATALOG_COMPILER_APPICON_NAME = AppIcon;
				ASSETCATALOG_COMPILER_LAUNCHIMAGE_NAME = LaunchImage;
				CODE_SIGN_ENTITLEMENTS = "BBL-mobile/BBL-mobile.entitlements";
				CODE_SIGN_IDENTITY = "iPhone Developer";
				COMPRESS_PNG_FILES = NO;
				DEVELOPMENT_TEAM = E2FPXMPTD9;
				ENABLE_BITCODE = NO;
				FRAMEWORK_SEARCH_PATHS = "\"$(SRCROOT)\"";
				GCC_INLINES_ARE_PRIVATE_EXTERN = NO;
				GCC_PRECOMPILE_PREFIX_HEADER = YES;
				GCC_PREFIX_HEADER = ios/Prefix.pch;
				GCC_PREPROCESSOR_DEFINITIONS = (
					USE_FILE32API,
					"CC_ENABLE_CHIPMUNK_INTEGRATION=1",
					NDEBUG,
				);
				GCC_SYMBOLS_PRIVATE_EXTERN = NO;
				HEADER_SEARCH_PATHS = "$(inherited)";
				INFOPLIST_FILE = ios/Info.plist;
				IPHONEOS_DEPLOYMENT_TARGET = 9.0;
				LIBRARY_SEARCH_PATHS = (
					"\"sdkbox.framework\"",
					"\"PluginSdkboxAds.framework\"",
					"\"PluginIAP.framework\"",
					"\"PluginAdColony.framework\"",
					"\"AdColony.framework\"",
					"\"PluginAdMob.framework\"",
					"\"GoogleMobileAds.framework\"",
					"\"PluginSdkboxPlay.framework\"",
				);
				OTHER_CFLAGS = "-DSDKBOX_ENABLED";
				OTHER_LDFLAGS = (
					"$(_COCOS_LIB_IOS_BEGIN)",
					"$(_COCOS_LIB_IOS_END)",
					"-ObjC",
					"-fobjc-arc",
				);
				PRODUCT_BUNDLE_IDENTIFIER = com.blopit.BBL;
				PRODUCT_NAME = "Word Bubbles";
				SDKROOT = iphoneos;
				STRIP_PNG_TEXT = NO;
				TARGETED_DEVICE_FAMILY = 1;
				USER_HEADER_SEARCH_PATHS = "$(_COCOS_HEADER_IOS_BEGIN) $(_COCOS_HEADER_IOS_END)";
				VALID_ARCHS = "arm64 armv7";
			};
			name = Release;
		};
		5087E76D17EB910900C73F5D /* Debug */ = {
			isa = XCBuildConfiguration;
			buildSettings = {
				ALWAYS_SEARCH_USER_PATHS = YES;
				ARCHS = "$(ARCHS_STANDARD_64_BIT)";
				CLANG_CXX_LANGUAGE_STANDARD = "c++0x";
				CLANG_CXX_LIBRARY = "libc++";
				FRAMEWORK_SEARCH_PATHS = (
					"$(inherited)",
					"$(PROJECT_DIR)",
				);
				GCC_DYNAMIC_NO_PIC = NO;
				GCC_INLINES_ARE_PRIVATE_EXTERN = NO;
				GCC_PRECOMPILE_PREFIX_HEADER = YES;
				GCC_PREFIX_HEADER = mac/Prefix.pch;
				GCC_PREPROCESSOR_DEFINITIONS = (
					USE_FILE32API,
					"COCOS2D_DEBUG=1",
					"CC_ENABLE_CHIPMUNK_INTEGRATION=1",
				);
				GCC_SYMBOLS_PRIVATE_EXTERN = NO;
				HEADER_SEARCH_PATHS = (
					"$(inherited)",
					"$(SRCROOT)/../cocos2d/external/glfw3/include/mac",
				);
				INFOPLIST_FILE = mac/Info.plist;
				LIBRARY_SEARCH_PATHS = "";
				OTHER_LDFLAGS = (
					"$(_COCOS_LIB_MAC_BEGIN)",
					"$(_COCOS_LIB_MAC_END)",
				);
				USER_HEADER_SEARCH_PATHS = "$(_COCOS_HEADER_MAC_BEGIN) $(_COCOS_HEADER_MAC_END)";
			};
			name = Debug;
		};
		5087E76E17EB910900C73F5D /* Release */ = {
			isa = XCBuildConfiguration;
			buildSettings = {
				ALWAYS_SEARCH_USER_PATHS = YES;
				ARCHS = "$(ARCHS_STANDARD_64_BIT)";
				CLANG_CXX_LANGUAGE_STANDARD = "c++0x";
				CLANG_CXX_LIBRARY = "libc++";
				FRAMEWORK_SEARCH_PATHS = (
					"$(inherited)",
					"$(PROJECT_DIR)",
				);
				GCC_INLINES_ARE_PRIVATE_EXTERN = NO;
				GCC_PRECOMPILE_PREFIX_HEADER = YES;
				GCC_PREFIX_HEADER = mac/Prefix.pch;
				GCC_PREPROCESSOR_DEFINITIONS = (
					USE_FILE32API,
					"CC_ENABLE_CHIPMUNK_INTEGRATION=1",
					NDEBUG,
				);
				GCC_SYMBOLS_PRIVATE_EXTERN = NO;
				HEADER_SEARCH_PATHS = (
					"$(inherited)",
					"$(SRCROOT)/../cocos2d/external/glfw3/include/mac",
				);
				INFOPLIST_FILE = mac/Info.plist;
				LIBRARY_SEARCH_PATHS = "";
				OTHER_LDFLAGS = (
					"$(_COCOS_LIB_MAC_BEGIN)",
					"$(_COCOS_LIB_MAC_END)",
				);
				USER_HEADER_SEARCH_PATHS = "$(_COCOS_HEADER_MAC_BEGIN) $(_COCOS_HEADER_MAC_END)";
			};
			name = Release;
		};
		C01FCF4F08A954540054247B /* Debug */ = {
			isa = XCBuildConfiguration;
			buildSettings = {
				CLANG_CXX_LANGUAGE_STANDARD = "c++0x";
				CLANG_CXX_LIBRARY = "libc++";
				COPY_PHASE_STRIP = NO;
				GCC_OPTIMIZATION_LEVEL = 0;
				GCC_WARN_ABOUT_RETURN_TYPE = YES;
				GCC_WARN_UNUSED_VARIABLE = YES;
				HEADER_SEARCH_PATHS = (
					"$(SRCROOT)/../cocos2d",
					"$(SRCROOT)/../cocos2d/cocos/audio/include",
					"$(SRCROOT)/../cocos2d/cocos",
					"$(SRCROOT)/../cocos2d/extensions",
					"$(SRCROOT)/../cocos2d/external",
					"$(SRCROOT)/../cocos2d/external/chipmunk/include/chipmunk",
					"$(SRCROOT)/../cocos2d/cocos/editor-support",
				);
				IPHONEOS_DEPLOYMENT_TARGET = 6.0;
				MACOSX_DEPLOYMENT_TARGET = 10.7;
				ONLY_ACTIVE_ARCH = YES;
				PRODUCT_NAME = "$(TARGET_NAME)";
				SDKROOT = macosx;
			};
			name = Debug;
		};
		C01FCF5008A954540054247B /* Release */ = {
			isa = XCBuildConfiguration;
			buildSettings = {
				CLANG_CXX_LANGUAGE_STANDARD = "c++0x";
				CLANG_CXX_LIBRARY = "libc++";
				GCC_WARN_ABOUT_RETURN_TYPE = YES;
				GCC_WARN_UNUSED_VARIABLE = YES;
				HEADER_SEARCH_PATHS = (
					"$(SRCROOT)/../cocos2d",
					"$(SRCROOT)/../cocos2d/cocos/audio/include",
					"$(SRCROOT)/../cocos2d/cocos",
					"$(SRCROOT)/../cocos2d/extensions",
					"$(SRCROOT)/../cocos2d/external",
					"$(SRCROOT)/../cocos2d/external/chipmunk/include/chipmunk",
					"$(SRCROOT)/../cocos2d/cocos/editor-support",
				);
				IPHONEOS_DEPLOYMENT_TARGET = 6.0;
				MACOSX_DEPLOYMENT_TARGET = 10.7;
				OTHER_CFLAGS = "-DNS_BLOCK_ASSERTIONS=1";
				PRODUCT_NAME = "$(TARGET_NAME)";
				SDKROOT = macosx;
				VALIDATE_PRODUCT = YES;
			};
			name = Release;
		};
/* End XCBuildConfiguration section */

/* Begin XCConfigurationList section */
		1D6058960D05DD3E006BFB54 /* Build configuration list for PBXNativeTarget "BBL-mobile" */ = {
			isa = XCConfigurationList;
			buildConfigurations = (
				1D6058940D05DD3E006BFB54 /* Debug */,
				1D6058950D05DD3E006BFB54 /* Release */,
			);
			defaultConfigurationIsVisible = 0;
			defaultConfigurationName = Debug;
		};
		5087E76C17EB910900C73F5D /* Build configuration list for PBXNativeTarget "BBL-desktop" */ = {
			isa = XCConfigurationList;
			buildConfigurations = (
				5087E76D17EB910900C73F5D /* Debug */,
				5087E76E17EB910900C73F5D /* Release */,
			);
			defaultConfigurationIsVisible = 0;
			defaultConfigurationName = Debug;
		};
		C01FCF4E08A954540054247B /* Build configuration list for PBXProject "BBL" */ = {
			isa = XCConfigurationList;
			buildConfigurations = (
				C01FCF4F08A954540054247B /* Debug */,
				C01FCF5008A954540054247B /* Release */,
			);
			defaultConfigurationIsVisible = 0;
			defaultConfigurationName = Debug;
		};
/* End XCConfigurationList section */
	};
	rootObject = 29B97313FDCFA39411CA2CEA /* Project object */;
}
